{
  "pins" : [
    {
      "identity" : "keyboardkit",
      "kind" : "remoteSourceControl",
      "location" : "https://github.com/daukabase/KeyboardKit.git",
      "state" : {
        "revision" : "955b6bccf991cc7cde3dbf11cfca50e242e5fb7b",
        "version" : "9.2.1"
      }
    }
  ],
  "version" : 2
}
