{
  "pins" : [
    {
      "identity" : "flanimatedimage",
      "kind" : "remoteSourceControl",
      "location" : "https://github.com/Flipboard/FLAnimatedImage",
      "state" : {
        "revision" : "d4f07b6f164d53c1212c3e54d6460738b1981e9f",
        "version" : "1.0.17"
      }
    },
    {
      "identity" : "keyboardkit",
      "kind" : "remoteSourceControl",
      "location" : "https://github.com/daukabase/KeyboardKit.git",
      "state" : {
        "revision" : "955b6bccf991cc7cde3dbf11cfca50e242e5fb7b",
        "version" : "9.2.1"
      }
    }
  ],
  "version" : 2
}
