{
  "pins" : [
    {
      "identity" : "keyboardkit",
      "kind" : "remoteSourceControl",
      "location" : "https://github.com/daukabase/KeyboardKit.git",
      "state" : {
        "revision" : "443585458b41ef5e750ceb4c7358628acd1bdabf",
        "version" : "9.2.0"
      }
    }
  ],
  "version" : 2
}
