// !$*UTF8*$!
{
	archiveVersion = 1;
	classes = {
	};
	objectVersion = 56;
	objects = {

/* Begin PBXBuildFile section */
		0B1E44F62B72C7DA00796ED3 /* ShalaqazaqDatasetV2.json in Resources */ = {isa = PBXBuildFile; fileRef = 0B1E44F52B72C7DA00796ED3 /* ShalaqazaqDatasetV2.json */; };
		0B386FC52B6D128C008F0622 /* KeyboardKit in Frameworks */ = {isa = PBXBuildFile; productRef = 0B386FC42B6D128C008F0622 /* KeyboardKit */; };
		0B5066EB2B80AE0000C01D14 /* qazaqWordsList.txt in Resources */ = {isa = PBXBuildFile; fileRef = 0B5066EA2B80AE0000C01D14 /* qazaqWordsList.txt */; };
		0B5066ED2B80B8DB00C01D14 /* QazaqWordsDatasetLoader.swift in Sources */ = {isa = PBXBuildFile; fileRef = 0B5066EC2B80B8DB00C01D14 /* QazaqWordsDatasetLoader.swift */; };
		0B7943232B7D1E1900CCA7AB /* QazaqEndingsGenerator.swift in Sources */ = {isa = PBXBuildFile; fileRef = 0B7943222B7D1E1900CCA7AB /* QazaqEndingsGenerator.swift */; };
		0B7943252B7D1E3700CCA7AB /* PossessiveService.swift in Sources */ = {isa = PBXBuildFile; fileRef = 0B7943242B7D1E3700CCA7AB /* PossessiveService.swift */; };
		0B7943272B7D1E5500CCA7AB /* QuantitativeService.swift in Sources */ = {isa = PBXBuildFile; fileRef = 0B7943262B7D1E5500CCA7AB /* QuantitativeService.swift */; };
		0B800E492B681A8900EADCA9 /* QazaqshaApp.swift in Sources */ = {isa = PBXBuildFile; fileRef = 0B800E482B681A8900EADCA9 /* QazaqshaApp.swift */; };
		0B800E4B2B681A8900EADCA9 /* ContentView.swift in Sources */ = {isa = PBXBuildFile; fileRef = 0B800E4A2B681A8900EADCA9 /* ContentView.swift */; };
		0B800E4D2B681A8A00EADCA9 /* Assets.xcassets in Resources */ = {isa = PBXBuildFile; fileRef = 0B800E4C2B681A8A00EADCA9 /* Assets.xcassets */; };
		0B800E502B681A8A00EADCA9 /* Preview Assets.xcassets in Resources */ = {isa = PBXBuildFile; fileRef = 0B800E4F2B681A8A00EADCA9 /* Preview Assets.xcassets */; };
		0B800E622B681AEE00EADCA9 /* KeyboardViewController.swift in Sources */ = {isa = PBXBuildFile; fileRef = 0B800E612B681AEE00EADCA9 /* KeyboardViewController.swift */; };
		0B800E662B681AEE00EADCA9 /* Batyrma.appex in Embed Foundation Extensions */ = {isa = PBXBuildFile; fileRef = 0B800E5F2B681AEE00EADCA9 /* Batyrma.appex */; settings = {ATTRIBUTES = (RemoveHeadersOnCopy, ); }; };
		0BCA611F2B6BC73F0038FAFB /* Images.xcassets in Resources */ = {isa = PBXBuildFile; fileRef = 0BCA611E2B6BC73F0038FAFB /* Images.xcassets */; };
		0BCA61212B6BC8D50038FAFB /* Colors.xcassets in Resources */ = {isa = PBXBuildFile; fileRef = 0BCA61202B6BC8D50038FAFB /* Colors.xcassets */; };
		0BCA61262B6BCA060038FAFB /* Assets.swift in Sources */ = {isa = PBXBuildFile; fileRef = 0BCA61252B6BCA060038FAFB /* Assets.swift */; };
		0BCA612E2B6BD1070038FAFB /* UIStackView+.swift in Sources */ = {isa = PBXBuildFile; fileRef = 0BCA612D2B6BD1070038FAFB /* UIStackView+.swift */; };
		0BCA61302B6BD11A0038FAFB /* UIImage+.swift in Sources */ = {isa = PBXBuildFile; fileRef = 0BCA612F2B6BD11A0038FAFB /* UIImage+.swift */; };
		0BCA61322B6BD1270038FAFB /* LetterKey.swift in Sources */ = {isa = PBXBuildFile; fileRef = 0BCA61312B6BD1270038FAFB /* LetterKey.swift */; };
		0BCA613D2B6BDC120038FAFB /* QazaqAutocompleteProvider.swift in Sources */ = {isa = PBXBuildFile; fileRef = 0BCA613C2B6BDC120038FAFB /* QazaqAutocompleteProvider.swift */; };
		0BCA613F2B6BDC310038FAFB /* String+.swift in Sources */ = {isa = PBXBuildFile; fileRef = 0BCA613E2B6BDC310038FAFB /* String+.swift */; };
		0BCA61452B6BDCC60038FAFB /* WordSuggestionsEngine.swift in Sources */ = {isa = PBXBuildFile; fileRef = 0BCA61442B6BDCC60038FAFB /* WordSuggestionsEngine.swift */; };
/* End PBXBuildFile section */

/* Begin PBXContainerItemProxy section */
		0B800E642B681AEE00EADCA9 /* PBXContainerItemProxy */ = {
			isa = PBXContainerItemProxy;
			containerPortal = 0B800E3D2B681A8900EADCA9 /* Project object */;
			proxyType = 1;
			remoteGlobalIDString = 0B800E5E2B681AEE00EADCA9;
			remoteInfo = Batyrma;
		};
/* End PBXContainerItemProxy section */

/* Begin PBXCopyFilesBuildPhase section */
		0B800E6A2B681AEE00EADCA9 /* Embed Foundation Extensions */ = {
			isa = PBXCopyFilesBuildPhase;
			buildActionMask = 2147483647;
			dstPath = "";
			dstSubfolderSpec = 13;
			files = (
				0B800E662B681AEE00EADCA9 /* Batyrma.appex in Embed Foundation Extensions */,
			);
			name = "Embed Foundation Extensions";
			runOnlyForDeploymentPostprocessing = 0;
		};
		0B800E772B6829CC00EADCA9 /* Embed Frameworks */ = {
			isa = PBXCopyFilesBuildPhase;
			buildActionMask = 2147483647;
			dstPath = "";
			dstSubfolderSpec = 10;
			files = (
			);
			name = "Embed Frameworks";
			runOnlyForDeploymentPostprocessing = 0;
		};
/* End PBXCopyFilesBuildPhase section */

/* Begin PBXFileReference section */
		0B1E44F52B72C7DA00796ED3 /* ShalaqazaqDatasetV2.json */ = {isa = PBXFileReference; lastKnownFileType = text.json; path = ShalaqazaqDatasetV2.json; sourceTree = "<group>"; };
		0B5066EA2B80AE0000C01D14 /* qazaqWordsList.txt */ = {isa = PBXFileReference; fileEncoding = 4; lastKnownFileType = text; path = qazaqWordsList.txt; sourceTree = "<group>"; };
		0B5066EC2B80B8DB00C01D14 /* QazaqWordsDatasetLoader.swift */ = {isa = PBXFileReference; lastKnownFileType = sourcecode.swift; path = QazaqWordsDatasetLoader.swift; sourceTree = "<group>"; };
		0B7943222B7D1E1900CCA7AB /* QazaqEndingsGenerator.swift */ = {isa = PBXFileReference; lastKnownFileType = sourcecode.swift; path = QazaqEndingsGenerator.swift; sourceTree = "<group>"; };
		0B7943242B7D1E3700CCA7AB /* PossessiveService.swift */ = {isa = PBXFileReference; lastKnownFileType = sourcecode.swift; path = PossessiveService.swift; sourceTree = "<group>"; };
		0B7943262B7D1E5500CCA7AB /* QuantitativeService.swift */ = {isa = PBXFileReference; lastKnownFileType = sourcecode.swift; path = QuantitativeService.swift; sourceTree = "<group>"; };
		0B800E452B681A8900EADCA9 /* Qazaqsha.app */ = {isa = PBXFileReference; explicitFileType = wrapper.application; includeInIndex = 0; path = Qazaqsha.app; sourceTree = BUILT_PRODUCTS_DIR; };
		0B800E482B681A8900EADCA9 /* QazaqshaApp.swift */ = {isa = PBXFileReference; lastKnownFileType = sourcecode.swift; path = QazaqshaApp.swift; sourceTree = "<group>"; };
		0B800E4A2B681A8900EADCA9 /* ContentView.swift */ = {isa = PBXFileReference; lastKnownFileType = sourcecode.swift; path = ContentView.swift; sourceTree = "<group>"; };
		0B800E4C2B681A8A00EADCA9 /* Assets.xcassets */ = {isa = PBXFileReference; lastKnownFileType = folder.assetcatalog; path = Assets.xcassets; sourceTree = "<group>"; };
		0B800E4F2B681A8A00EADCA9 /* Preview Assets.xcassets */ = {isa = PBXFileReference; lastKnownFileType = folder.assetcatalog; path = "Preview Assets.xcassets"; sourceTree = "<group>"; };
		0B800E5F2B681AEE00EADCA9 /* Batyrma.appex */ = {isa = PBXFileReference; explicitFileType = "wrapper.app-extension"; includeInIndex = 0; path = Batyrma.appex; sourceTree = BUILT_PRODUCTS_DIR; };
		0B800E612B681AEE00EADCA9 /* KeyboardViewController.swift */ = {isa = PBXFileReference; lastKnownFileType = sourcecode.swift; path = KeyboardViewController.swift; sourceTree = "<group>"; };
		0B800E632B681AEE00EADCA9 /* Info.plist */ = {isa = PBXFileReference; lastKnownFileType = text.plist.xml; path = Info.plist; sourceTree = "<group>"; };
		0BCA611E2B6BC73F0038FAFB /* Images.xcassets */ = {isa = PBXFileReference; lastKnownFileType = folder.assetcatalog; path = Images.xcassets; sourceTree = "<group>"; };
		0BCA61202B6BC8D50038FAFB /* Colors.xcassets */ = {isa = PBXFileReference; lastKnownFileType = folder.assetcatalog; path = Colors.xcassets; sourceTree = "<group>"; };
		0BCA61252B6BCA060038FAFB /* Assets.swift */ = {isa = PBXFileReference; fileEncoding = 4; lastKnownFileType = sourcecode.swift; path = Assets.swift; sourceTree = "<group>"; };
		0BCA612D2B6BD1070038FAFB /* UIStackView+.swift */ = {isa = PBXFileReference; lastKnownFileType = sourcecode.swift; path = "UIStackView+.swift"; sourceTree = "<group>"; };
		0BCA612F2B6BD11A0038FAFB /* UIImage+.swift */ = {isa = PBXFileReference; lastKnownFileType = sourcecode.swift; path = "UIImage+.swift"; sourceTree = "<group>"; };
		0BCA61312B6BD1270038FAFB /* LetterKey.swift */ = {isa = PBXFileReference; lastKnownFileType = sourcecode.swift; path = LetterKey.swift; sourceTree = "<group>"; };
		0BCA613C2B6BDC120038FAFB /* QazaqAutocompleteProvider.swift */ = {isa = PBXFileReference; lastKnownFileType = sourcecode.swift; path = QazaqAutocompleteProvider.swift; sourceTree = "<group>"; };
		0BCA613E2B6BDC310038FAFB /* String+.swift */ = {isa = PBXFileReference; lastKnownFileType = sourcecode.swift; path = "String+.swift"; sourceTree = "<group>"; };
		0BCA61442B6BDCC60038FAFB /* WordSuggestionsEngine.swift */ = {isa = PBXFileReference; lastKnownFileType = sourcecode.swift; path = WordSuggestionsEngine.swift; sourceTree = "<group>"; };
/* End PBXFileReference section */

/* Begin PBXFrameworksBuildPhase section */
		0B800E422B681A8900EADCA9 /* Frameworks */ = {
			isa = PBXFrameworksBuildPhase;
			buildActionMask = 2147483647;
			files = (
			);
			runOnlyForDeploymentPostprocessing = 0;
		};
		0B800E5C2B681AEE00EADCA9 /* Frameworks */ = {
			isa = PBXFrameworksBuildPhase;
			buildActionMask = 2147483647;
			files = (
				0B386FC52B6D128C008F0622 /* KeyboardKit in Frameworks */,
			);
			runOnlyForDeploymentPostprocessing = 0;
		};
/* End PBXFrameworksBuildPhase section */

/* Begin PBXGroup section */
		0B7943212B7D1DFD00CCA7AB /* QazaqEndingsGenerator */ = {
			isa = PBXGroup;
			children = (
				0B7943222B7D1E1900CCA7AB /* QazaqEndingsGenerator.swift */,
				0B7943242B7D1E3700CCA7AB /* PossessiveService.swift */,
				0B7943262B7D1E5500CCA7AB /* QuantitativeService.swift */,
			);
			path = QazaqEndingsGenerator;
			sourceTree = "<group>";
		};
		0B800E3C2B681A8900EADCA9 = {
			isa = PBXGroup;
			children = (
				0BCA611D2B6BC7280038FAFB /* Resources */,
				0B800E472B681A8900EADCA9 /* Qazaqsha */,
				0B800E602B681AEE00EADCA9 /* Batyrma */,
				0B800E462B681A8900EADCA9 /* Products */,
				0B800E712B6829CC00EADCA9 /* Frameworks */,
			);
			sourceTree = "<group>";
		};
		0B800E462B681A8900EADCA9 /* Products */ = {
			isa = PBXGroup;
			children = (
				0B800E452B681A8900EADCA9 /* Qazaqsha.app */,
				0B800E5F2B681AEE00EADCA9 /* Batyrma.appex */,
			);
			name = Products;
			sourceTree = "<group>";
		};
		0B800E472B681A8900EADCA9 /* Qazaqsha */ = {
			isa = PBXGroup;
			children = (
				0B800E482B681A8900EADCA9 /* QazaqshaApp.swift */,
				0B800E4A2B681A8900EADCA9 /* ContentView.swift */,
				0B800E4C2B681A8A00EADCA9 /* Assets.xcassets */,
				0B800E4E2B681A8A00EADCA9 /* Preview Content */,
			);
			path = Qazaqsha;
			sourceTree = "<group>";
		};
		0B800E4E2B681A8A00EADCA9 /* Preview Content */ = {
			isa = PBXGroup;
			children = (
				0B800E4F2B681A8A00EADCA9 /* Preview Assets.xcassets */,
			);
			path = "Preview Content";
			sourceTree = "<group>";
		};
		0B800E602B681AEE00EADCA9 /* Batyrma */ = {
			isa = PBXGroup;
			children = (
				0BEA16A22B7BE054000154C6 /* Core Layer */,
				0B800E612B681AEE00EADCA9 /* KeyboardViewController.swift */,
				0BCA61312B6BD1270038FAFB /* LetterKey.swift */,
				0BCA612B2B6BD0F20038FAFB /* Extensions */,
				0B800E632B681AEE00EADCA9 /* Info.plist */,
			);
			path = Batyrma;
			sourceTree = "<group>";
		};
		0B800E712B6829CC00EADCA9 /* Frameworks */ = {
			isa = PBXGroup;
			children = (
			);
			name = Frameworks;
			sourceTree = "<group>";
		};
		0BCA611D2B6BC7280038FAFB /* Resources */ = {
			isa = PBXGroup;
			children = (
				0B5066EA2B80AE0000C01D14 /* qazaqWordsList.txt */,
				0B1E44F52B72C7DA00796ED3 /* ShalaqazaqDatasetV2.json */,
				0BCA611E2B6BC73F0038FAFB /* Images.xcassets */,
				0BCA61242B6BCA060038FAFB /* Generated */,
				0BCA61202B6BC8D50038FAFB /* Colors.xcassets */,
			);
			path = Resources;
			sourceTree = "<group>";
		};
		0BCA61242B6BCA060038FAFB /* Generated */ = {
			isa = PBXGroup;
			children = (
				0BCA61252B6BCA060038FAFB /* Assets.swift */,
			);
			path = Generated;
			sourceTree = "<group>";
		};
		0BCA612B2B6BD0F20038FAFB /* Extensions */ = {
			isa = PBXGroup;
			children = (
				0BCA61422B6BDC640038FAFB /* Swift */,
				0BCA612C2B6BD0F90038FAFB /* UIKit */,
			);
			path = Extensions;
			sourceTree = "<group>";
		};
		0BCA612C2B6BD0F90038FAFB /* UIKit */ = {
			isa = PBXGroup;
			children = (
				0BCA612D2B6BD1070038FAFB /* UIStackView+.swift */,
				0BCA612F2B6BD11A0038FAFB /* UIImage+.swift */,
			);
			path = UIKit;
			sourceTree = "<group>";
		};
		0BCA61392B6BDBF40038FAFB /* AutocompleteProvider */ = {
			isa = PBXGroup;
			children = (
				0BCA613C2B6BDC120038FAFB /* QazaqAutocompleteProvider.swift */,
			);
			path = AutocompleteProvider;
			sourceTree = "<group>";
		};
		0BCA61422B6BDC640038FAFB /* Swift */ = {
			isa = PBXGroup;
			children = (
				0BCA613E2B6BDC310038FAFB /* String+.swift */,
			);
			path = Swift;
			sourceTree = "<group>";
		};
		0BCA61432B6BDCB50038FAFB /* WordSuggestionsEngine */ = {
			isa = PBXGroup;
			children = (
				0BCA61442B6BDCC60038FAFB /* WordSuggestionsEngine.swift */,
				0B5066EC2B80B8DB00C01D14 /* QazaqWordsDatasetLoader.swift */,
				0B7943212B7D1DFD00CCA7AB /* QazaqEndingsGenerator */,
			);
			path = WordSuggestionsEngine;
			sourceTree = "<group>";
		};
		0BEA16A22B7BE054000154C6 /* Core Layer */ = {
			isa = PBXGroup;
			children = (
				0BCA61432B6BDCB50038FAFB /* WordSuggestionsEngine */,
				0BCA61392B6BDBF40038FAFB /* AutocompleteProvider */,
			);
			path = "Core Layer";
			sourceTree = "<group>";
		};
/* End PBXGroup section */

/* Begin PBXNativeTarget section */
		0B800E442B681A8900EADCA9 /* Qazaqsha */ = {
			isa = PBXNativeTarget;
			buildConfigurationList = 0B800E532B681A8A00EADCA9 /* Build configuration list for PBXNativeTarget "Qazaqsha" */;
			buildPhases = (
				0B800E412B681A8900EADCA9 /* Sources */,
				0B800E422B681A8900EADCA9 /* Frameworks */,
				0B800E432B681A8900EADCA9 /* Resources */,
				0B800E6A2B681AEE00EADCA9 /* Embed Foundation Extensions */,
			);
			buildRules = (
			);
			dependencies = (
				0B800E652B681AEE00EADCA9 /* PBXTargetDependency */,
			);
			name = Qazaqsha;
			packageProductDependencies = (
			);
			productName = Qazaqsha;
			productReference = 0B800E452B681A8900EADCA9 /* Qazaqsha.app */;
			productType = "com.apple.product-type.application";
		};
		0B800E5E2B681AEE00EADCA9 /* Batyrma */ = {
			isa = PBXNativeTarget;
			buildConfigurationList = 0B800E672B681AEE00EADCA9 /* Build configuration list for PBXNativeTarget "Batyrma" */;
			buildPhases = (
				0B800E5B2B681AEE00EADCA9 /* Sources */,
				0B800E5C2B681AEE00EADCA9 /* Frameworks */,
				0B800E5D2B681AEE00EADCA9 /* Resources */,
				0B800E772B6829CC00EADCA9 /* Embed Frameworks */,
			);
			buildRules = (
			);
			dependencies = (
			);
			name = Batyrma;
			packageProductDependencies = (
				0B386FC42B6D128C008F0622 /* KeyboardKit */,
			);
			productName = Batyrma;
			productReference = 0B800E5F2B681AEE00EADCA9 /* Batyrma.appex */;
			productType = "com.apple.product-type.app-extension";
		};
/* End PBXNativeTarget section */

/* Begin PBXProject section */
		0B800E3D2B681A8900EADCA9 /* Project object */ = {
			isa = PBXProject;
			attributes = {
				BuildIndependentTargetsInParallel = 1;
				LastSwiftUpdateCheck = 1510;
				LastUpgradeCheck = 1510;
				TargetAttributes = {
					0B800E442B681A8900EADCA9 = {
						CreatedOnToolsVersion = 15.1;
					};
					0B800E5E2B681AEE00EADCA9 = {
						CreatedOnToolsVersion = 15.1;
					};
				};
			};
			buildConfigurationList = 0B800E402B681A8900EADCA9 /* Build configuration list for PBXProject "Qazaqsha" */;
			compatibilityVersion = "Xcode 14.0";
			developmentRegion = en;
			hasScannedForEncodings = 0;
			knownRegions = (
				en,
				Base,
				smn,
				de,
				ar,
				el,
				fa,
				mk,
				sq,
				uk,
				mt,
				nb,
				es,
				sw,
				is,
				sl,
				pt_BR,
				da,
				et,
				it,
				bg,
				sk,
				"sr-Latn",
				kk,
				pt_PT,
				sr,
				ms,
				be,
				ckb,
				sv,
				cs,
				he_IL,
				fil,
				hy,
				chr,
				mn,
				hu,
				ka,
				haw,
				tr,
				pl,
				se,
				ga_IE,
				lv,
				lt,
				ru,
				uz,
				fr,
				fi,
				id,
				nl,
				ro,
				fo,
				hr,
				ca,
			);
			mainGroup = 0B800E3C2B681A8900EADCA9;
			packageReferences = (
				0B386FC32B6D128C008F0622 /* XCRemoteSwiftPackageReference "KeyboardKit" */,
			);
			productRefGroup = 0B800E462B681A8900EADCA9 /* Products */;
			projectDirPath = "";
			projectRoot = "";
			targets = (
				0B800E442B681A8900EADCA9 /* Qazaqsha */,
				0B800E5E2B681AEE00EADCA9 /* Batyrma */,
			);
		};
/* End PBXProject section */

/* Begin PBXResourcesBuildPhase section */
		0B800E432B681A8900EADCA9 /* Resources */ = {
			isa = PBXResourcesBuildPhase;
			buildActionMask = 2147483647;
			files = (
				0B800E502B681A8A00EADCA9 /* Preview Assets.xcassets in Resources */,
				0B800E4D2B681A8A00EADCA9 /* Assets.xcassets in Resources */,
			);
			runOnlyForDeploymentPostprocessing = 0;
		};
		0B800E5D2B681AEE00EADCA9 /* Resources */ = {
			isa = PBXResourcesBuildPhase;
			buildActionMask = 2147483647;
			files = (
				0BCA611F2B6BC73F0038FAFB /* Images.xcassets in Resources */,
				0B1E44F62B72C7DA00796ED3 /* ShalaqazaqDatasetV2.json in Resources */,
				0B5066EB2B80AE0000C01D14 /* qazaqWordsList.txt in Resources */,
				0BCA61212B6BC8D50038FAFB /* Colors.xcassets in Resources */,
			);
			runOnlyForDeploymentPostprocessing = 0;
		};
/* End PBXResourcesBuildPhase section */

/* Begin PBXSourcesBuildPhase section */
		0B800E412B681A8900EADCA9 /* Sources */ = {
			isa = PBXSourcesBuildPhase;
			buildActionMask = 2147483647;
			files = (
				0B800E4B2B681A8900EADCA9 /* ContentView.swift in Sources */,
				0B800E492B681A8900EADCA9 /* QazaqshaApp.swift in Sources */,
			);
			runOnlyForDeploymentPostprocessing = 0;
		};
		0B800E5B2B681AEE00EADCA9 /* Sources */ = {
			isa = PBXSourcesBuildPhase;
			buildActionMask = 2147483647;
			files = (
				0BCA612E2B6BD1070038FAFB /* UIStackView+.swift in Sources */,
				0BCA613D2B6BDC120038FAFB /* QazaqAutocompleteProvider.swift in Sources */,
				0BCA61322B6BD1270038FAFB /* LetterKey.swift in Sources */,
				0B7943272B7D1E5500CCA7AB /* QuantitativeService.swift in Sources */,
				0BCA61262B6BCA060038FAFB /* Assets.swift in Sources */,
				0BCA61302B6BD11A0038FAFB /* UIImage+.swift in Sources */,
				0B7943232B7D1E1900CCA7AB /* QazaqEndingsGenerator.swift in Sources */,
				0B800E622B681AEE00EADCA9 /* KeyboardViewController.swift in Sources */,
				0BCA613F2B6BDC310038FAFB /* String+.swift in Sources */,
				0BCA61452B6BDCC60038FAFB /* WordSuggestionsEngine.swift in Sources */,
				0B5066ED2B80B8DB00C01D14 /* QazaqWordsDatasetLoader.swift in Sources */,
				0B7943252B7D1E3700CCA7AB /* PossessiveService.swift in Sources */,
			);
			runOnlyForDeploymentPostprocessing = 0;
		};
/* End PBXSourcesBuildPhase section */

/* Begin PBXTargetDependency section */
		0B800E652B681AEE00EADCA9 /* PBXTargetDependency */ = {
			isa = PBXTargetDependency;
			target = 0B800E5E2B681AEE00EADCA9 /* Batyrma */;
			targetProxy = 0B800E642B681AEE00EADCA9 /* PBXContainerItemProxy */;
		};
/* End PBXTargetDependency section */

/* Begin XCBuildConfiguration section */
		0B800E512B681A8A00EADCA9 /* Debug */ = {
			isa = XCBuildConfiguration;
			buildSettings = {
				ALWAYS_SEARCH_USER_PATHS = NO;
				ASSETCATALOG_COMPILER_GENERATE_SWIFT_ASSET_SYMBOL_EXTENSIONS = YES;
				CLANG_ANALYZER_NONNULL = YES;
				CLANG_ANALYZER_NUMBER_OBJECT_CONVERSION = YES_AGGRESSIVE;
				CLANG_CXX_LANGUAGE_STANDARD = "gnu++20";
				CLANG_ENABLE_MODULES = YES;
				CLANG_ENABLE_OBJC_ARC = YES;
				CLANG_ENABLE_OBJC_WEAK = YES;
				CLANG_WARN_BLOCK_CAPTURE_AUTORELEASING = YES;
				CLANG_WARN_BOOL_CONVERSION = YES;
				CLANG_WARN_COMMA = YES;
				CLANG_WARN_CONSTANT_CONVERSION = YES;
				CLANG_WARN_DEPRECATED_OBJC_IMPLEMENTATIONS = YES;
				CLANG_WARN_DIRECT_OBJC_ISA_USAGE = YES_ERROR;
				CLANG_WARN_DOCUMENTATION_COMMENTS = YES;
				CLANG_WARN_EMPTY_BODY = YES;
				CLANG_WARN_ENUM_CONVERSION = YES;
				CLANG_WARN_INFINITE_RECURSION = YES;
				CLANG_WARN_INT_CONVERSION = YES;
				CLANG_WARN_NON_LITERAL_NULL_CONVERSION = YES;
				CLANG_WARN_OBJC_IMPLICIT_RETAIN_SELF = YES;
				CLANG_WARN_OBJC_LITERAL_CONVERSION = YES;
				CLANG_WARN_OBJC_ROOT_CLASS = YES_ERROR;
				CLANG_WARN_QUOTED_INCLUDE_IN_FRAMEWORK_HEADER = YES;
				CLANG_WARN_RANGE_LOOP_ANALYSIS = YES;
				CLANG_WARN_STRICT_PROTOTYPES = YES;
				CLANG_WARN_SUSPICIOUS_MOVE = YES;
				CLANG_WARN_UNGUARDED_AVAILABILITY = YES_AGGRESSIVE;
				CLANG_WARN_UNREACHABLE_CODE = YES;
				CLANG_WARN__DUPLICATE_METHOD_MATCH = YES;
				COPY_PHASE_STRIP = NO;
				DEBUG_INFORMATION_FORMAT = dwarf;
				ENABLE_STRICT_OBJC_MSGSEND = YES;
				ENABLE_TESTABILITY = YES;
				ENABLE_USER_SCRIPT_SANDBOXING = YES;
				GCC_C_LANGUAGE_STANDARD = gnu17;
				GCC_DYNAMIC_NO_PIC = NO;
				GCC_NO_COMMON_BLOCKS = YES;
				GCC_OPTIMIZATION_LEVEL = 0;
				GCC_PREPROCESSOR_DEFINITIONS = (
					"DEBUG=1",
					"$(inherited)",
				);
				GCC_WARN_64_TO_32_BIT_CONVERSION = YES;
				GCC_WARN_ABOUT_RETURN_TYPE = YES_ERROR;
				GCC_WARN_UNDECLARED_SELECTOR = YES;
				GCC_WARN_UNINITIALIZED_AUTOS = YES_AGGRESSIVE;
				GCC_WARN_UNUSED_FUNCTION = YES;
				GCC_WARN_UNUSED_VARIABLE = YES;
				IPHONEOS_DEPLOYMENT_TARGET = 17.2;
				LOCALIZATION_PREFERS_STRING_CATALOGS = YES;
				MTL_ENABLE_DEBUG_INFO = INCLUDE_SOURCE;
				MTL_FAST_MATH = YES;
				ONLY_ACTIVE_ARCH = YES;
				SDKROOT = iphoneos;
				SWIFT_ACTIVE_COMPILATION_CONDITIONS = "DEBUG $(inherited)";
				SWIFT_OPTIMIZATION_LEVEL = "-Onone";
			};
			name = Debug;
		};
		0B800E522B681A8A00EADCA9 /* Release */ = {
			isa = XCBuildConfiguration;
			buildSettings = {
				ALWAYS_SEARCH_USER_PATHS = NO;
				ASSETCATALOG_COMPILER_GENERATE_SWIFT_ASSET_SYMBOL_EXTENSIONS = YES;
				CLANG_ANALYZER_NONNULL = YES;
				CLANG_ANALYZER_NUMBER_OBJECT_CONVERSION = YES_AGGRESSIVE;
				CLANG_CXX_LANGUAGE_STANDARD = "gnu++20";
				CLANG_ENABLE_MODULES = YES;
				CLANG_ENABLE_OBJC_ARC = YES;
				CLANG_ENABLE_OBJC_WEAK = YES;
				CLANG_WARN_BLOCK_CAPTURE_AUTORELEASING = YES;
				CLANG_WARN_BOOL_CONVERSION = YES;
				CLANG_WARN_COMMA = YES;
				CLANG_WARN_CONSTANT_CONVERSION = YES;
				CLANG_WARN_DEPRECATED_OBJC_IMPLEMENTATIONS = YES;
				CLANG_WARN_DIRECT_OBJC_ISA_USAGE = YES_ERROR;
				CLANG_WARN_DOCUMENTATION_COMMENTS = YES;
				CLANG_WARN_EMPTY_BODY = YES;
				CLANG_WARN_ENUM_CONVERSION = YES;
				CLANG_WARN_INFINITE_RECURSION = YES;
				CLANG_WARN_INT_CONVERSION = YES;
				CLANG_WARN_NON_LITERAL_NULL_CONVERSION = YES;
				CLANG_WARN_OBJC_IMPLICIT_RETAIN_SELF = YES;
				CLANG_WARN_OBJC_LITERAL_CONVERSION = YES;
				CLANG_WARN_OBJC_ROOT_CLASS = YES_ERROR;
				CLANG_WARN_QUOTED_INCLUDE_IN_FRAMEWORK_HEADER = YES;
				CLANG_WARN_RANGE_LOOP_ANALYSIS = YES;
				CLANG_WARN_STRICT_PROTOTYPES = YES;
				CLANG_WARN_SUSPICIOUS_MOVE = YES;
				CLANG_WARN_UNGUARDED_AVAILABILITY = YES_AGGRESSIVE;
				CLANG_WARN_UNREACHABLE_CODE = YES;
				CLANG_WARN__DUPLICATE_METHOD_MATCH = YES;
				COPY_PHASE_STRIP = NO;
				DEBUG_INFORMATION_FORMAT = "dwarf-with-dsym";
				ENABLE_NS_ASSERTIONS = NO;
				ENABLE_STRICT_OBJC_MSGSEND = YES;
				ENABLE_USER_SCRIPT_SANDBOXING = YES;
				GCC_C_LANGUAGE_STANDARD = gnu17;
				GCC_NO_COMMON_BLOCKS = YES;
				GCC_WARN_64_TO_32_BIT_CONVERSION = YES;
				GCC_WARN_ABOUT_RETURN_TYPE = YES_ERROR;
				GCC_WARN_UNDECLARED_SELECTOR = YES;
				GCC_WARN_UNINITIALIZED_AUTOS = YES_AGGRESSIVE;
				GCC_WARN_UNUSED_FUNCTION = YES;
				GCC_WARN_UNUSED_VARIABLE = YES;
				IPHONEOS_DEPLOYMENT_TARGET = 17.2;
				LOCALIZATION_PREFERS_STRING_CATALOGS = YES;
				MTL_ENABLE_DEBUG_INFO = NO;
				MTL_FAST_MATH = YES;
				SDKROOT = iphoneos;
				SWIFT_COMPILATION_MODE = wholemodule;
				VALIDATE_PRODUCT = YES;
			};
			name = Release;
		};
		0B800E542B681A8A00EADCA9 /* Debug */ = {
			isa = XCBuildConfiguration;
			buildSettings = {
				ALWAYS_EMBED_SWIFT_STANDARD_LIBRARIES = YES;
				ASSETCATALOG_COMPILER_APPICON_NAME = AppIcon;
				ASSETCATALOG_COMPILER_GLOBAL_ACCENT_COLOR_NAME = AccentColor;
				CODE_SIGN_STYLE = Automatic;
				CURRENT_PROJECT_VERSION = 1;
				DEVELOPMENT_ASSET_PATHS = "\"Qazaqsha/Preview Content\"";
				DEVELOPMENT_TEAM = JNA8QM22SG;
				ENABLE_PREVIEWS = YES;
				GENERATE_INFOPLIST_FILE = YES;
				INFOPLIST_KEY_UIApplicationSceneManifest_Generation = YES;
				INFOPLIST_KEY_UIApplicationSupportsIndirectInputEvents = YES;
				INFOPLIST_KEY_UILaunchScreen_Generation = YES;
				INFOPLIST_KEY_UISupportedInterfaceOrientations_iPad = "UIInterfaceOrientationPortrait UIInterfaceOrientationPortraitUpsideDown UIInterfaceOrientationLandscapeLeft UIInterfaceOrientationLandscapeRight";
				INFOPLIST_KEY_UISupportedInterfaceOrientations_iPhone = "UIInterfaceOrientationPortrait UIInterfaceOrientationLandscapeLeft UIInterfaceOrientationLandscapeRight";
				LD_RUNPATH_SEARCH_PATHS = (
					"$(inherited)",
					"@executable_path/Frameworks",
				);
				MARKETING_VERSION = 1.0;
				PRODUCT_BUNDLE_IDENTIFIER = com.almagambetov.daulet.qazaqsha.Qazaqsha;
				PRODUCT_NAME = "$(TARGET_NAME)";
				SWIFT_EMIT_LOC_STRINGS = YES;
				SWIFT_VERSION = 5.0;
				TARGETED_DEVICE_FAMILY = "1,2";
			};
			name = Debug;
		};
		0B800E552B681A8A00EADCA9 /* Release */ = {
			isa = XCBuildConfiguration;
			buildSettings = {
				ALWAYS_EMBED_SWIFT_STANDARD_LIBRARIES = YES;
				ASSETCATALOG_COMPILER_APPICON_NAME = AppIcon;
				ASSETCATALOG_COMPILER_GLOBAL_ACCENT_COLOR_NAME = AccentColor;
				CODE_SIGN_STYLE = Automatic;
				CURRENT_PROJECT_VERSION = 1;
				DEVELOPMENT_ASSET_PATHS = "\"Qazaqsha/Preview Content\"";
				DEVELOPMENT_TEAM = JNA8QM22SG;
				ENABLE_PREVIEWS = YES;
				GENERATE_INFOPLIST_FILE = YES;
				INFOPLIST_KEY_UIApplicationSceneManifest_Generation = YES;
				INFOPLIST_KEY_UIApplicationSupportsIndirectInputEvents = YES;
				INFOPLIST_KEY_UILaunchScreen_Generation = YES;
				INFOPLIST_KEY_UISupportedInterfaceOrientations_iPad = "UIInterfaceOrientationPortrait UIInterfaceOrientationPortraitUpsideDown UIInterfaceOrientationLandscapeLeft UIInterfaceOrientationLandscapeRight";
				INFOPLIST_KEY_UISupportedInterfaceOrientations_iPhone = "UIInterfaceOrientationPortrait UIInterfaceOrientationLandscapeLeft UIInterfaceOrientationLandscapeRight";
				LD_RUNPATH_SEARCH_PATHS = (
					"$(inherited)",
					"@executable_path/Frameworks",
				);
				MARKETING_VERSION = 1.0;
				PRODUCT_BUNDLE_IDENTIFIER = com.almagambetov.daulet.qazaqsha.Qazaqsha;
				PRODUCT_NAME = "$(TARGET_NAME)";
				SWIFT_EMIT_LOC_STRINGS = YES;
				SWIFT_VERSION = 5.0;
				TARGETED_DEVICE_FAMILY = "1,2";
			};
			name = Release;
		};
		0B800E682B681AEE00EADCA9 /* Debug */ = {
			isa = XCBuildConfiguration;
			buildSettings = {
				CODE_SIGN_STYLE = Automatic;
				CURRENT_PROJECT_VERSION = 1;
				DEVELOPMENT_TEAM = JNA8QM22SG;
				GENERATE_INFOPLIST_FILE = YES;
				INFOPLIST_FILE = Batyrma/Info.plist;
				INFOPLIST_KEY_CFBundleDisplayName = Batyrma;
				INFOPLIST_KEY_NSHumanReadableCopyright = "";
				LD_RUNPATH_SEARCH_PATHS = (
					"$(inherited)",
					"@executable_path/Frameworks",
					"@executable_path/../../Frameworks",
				);
				MARKETING_VERSION = 1.0;
				PRODUCT_BUNDLE_IDENTIFIER = com.almagambetov.daulet.qazaqsha.Qazaqsha.Batyrma;
				PRODUCT_NAME = "$(TARGET_NAME)";
				SKIP_INSTALL = YES;
				SWIFT_EMIT_LOC_STRINGS = YES;
				SWIFT_VERSION = 5.0;
				TARGETED_DEVICE_FAMILY = "1,2";
			};
			name = Debug;
		};
		0B800E692B681AEE00EADCA9 /* Release */ = {
			isa = XCBuildConfiguration;
			buildSettings = {
				CODE_SIGN_STYLE = Automatic;
				CURRENT_PROJECT_VERSION = 1;
				DEVELOPMENT_TEAM = JNA8QM22SG;
				GENERATE_INFOPLIST_FILE = YES;
				INFOPLIST_FILE = Batyrma/Info.plist;
				INFOPLIST_KEY_CFBundleDisplayName = Batyrma;
				INFOPLIST_KEY_NSHumanReadableCopyright = "";
				LD_RUNPATH_SEARCH_PATHS = (
					"$(inherited)",
					"@executable_path/Frameworks",
					"@executable_path/../../Frameworks",
				);
				MARKETING_VERSION = 1.0;
				PRODUCT_BUNDLE_IDENTIFIER = com.almagambetov.daulet.qazaqsha.Qazaqsha.Batyrma;
				PRODUCT_NAME = "$(TARGET_NAME)";
				SKIP_INSTALL = YES;
				SWIFT_EMIT_LOC_STRINGS = YES;
				SWIFT_VERSION = 5.0;
				TARGETED_DEVICE_FAMILY = "1,2";
			};
			name = Release;
		};
/* End XCBuildConfiguration section */

/* Begin XCConfigurationList section */
		0B800E402B681A8900EADCA9 /* Build configuration list for PBXProject "Qazaqsha" */ = {
			isa = XCConfigurationList;
			buildConfigurations = (
				0B800E512B681A8A00EADCA9 /* Debug */,
				0B800E522B681A8A00EADCA9 /* Release */,
			);
			defaultConfigurationIsVisible = 0;
			defaultConfigurationName = Release;
		};
		0B800E532B681A8A00EADCA9 /* Build configuration list for PBXNativeTarget "Qazaqsha" */ = {
			isa = XCConfigurationList;
			buildConfigurations = (
				0B800E542B681A8A00EADCA9 /* Debug */,
				0B800E552B681A8A00EADCA9 /* Release */,
			);
			defaultConfigurationIsVisible = 0;
			defaultConfigurationName = Release;
		};
		0B800E672B681AEE00EADCA9 /* Build configuration list for PBXNativeTarget "Batyrma" */ = {
			isa = XCConfigurationList;
			buildConfigurations = (
				0B800E682B681AEE00EADCA9 /* Debug */,
				0B800E692B681AEE00EADCA9 /* Release */,
			);
			defaultConfigurationIsVisible = 0;
			defaultConfigurationName = Release;
		};
/* End XCConfigurationList section */

/* Begin XCRemoteSwiftPackageReference section */
		0B386FC32B6D128C008F0622 /* XCRemoteSwiftPackageReference "KeyboardKit" */ = {
			isa = XCRemoteSwiftPackageReference;
			repositoryURL = "https://github.com/daukabase/KeyboardKit.git";
			requirement = {
				kind = upToNextMajorVersion;
				minimumVersion = 9.1.0;
			};
		};
/* End XCRemoteSwiftPackageReference section */

/* Begin XCSwiftPackageProductDependency section */
		0B386FC42B6D128C008F0622 /* KeyboardKit */ = {
			isa = XCSwiftPackageProductDependency;
			package = 0B386FC32B6D128C008F0622 /* XCRemoteSwiftPackageReference "KeyboardKit" */;
			productName = KeyboardKit;
		};
/* End XCSwiftPackageProductDependency section */
	};
	rootObject = 0B800E3D2B681A8900EADCA9 /* Project object */;
}
