// !$*UTF8*$!
{
	archiveVersion = 1;
	classes = {
	};
	objectVersion = 56;
	objects = {

/* Begin PBXBuildFile section */
		0B13E7DC2BDA7A9700CB11F9 /* russianWordsDataset.txt in Resources */ = {isa = PBXBuildFile; fileRef = 0B13E7DB2BDA7A9700CB11F9 /* russianWordsDataset.txt */; };
		0B18B0162BD01C96005E8EBC /* OnboardingViewModel.swift in Sources */ = {isa = PBXBuildFile; fileRef = 0B18B0152BD01C96005E8EBC /* OnboardingViewModel.swift */; };
		0B18B0192BD0F83B005E8EBC /* GoogleService-Info.plist in Resources */ = {isa = PBXBuildFile; fileRef = 0B18B0182BD0F83B005E8EBC /* GoogleService-Info.plist */; };
		0B18B01A2BD0F83B005E8EBC /* GoogleService-Info.plist in Resources */ = {isa = PBXBuildFile; fileRef = 0B18B0182BD0F83B005E8EBC /* GoogleService-Info.plist */; };
		0B18B01D2BD0F9EF005E8EBC /* AppDelegate.swift in Sources */ = {isa = PBXBuildFile; fileRef = 0B18B01C2BD0F9EF005E8EBC /* AppDelegate.swift */; };
		0B18B01F2BD0FA2A005E8EBC /* FirebaseAnalytics in Frameworks */ = {isa = PBXBuildFile; productRef = 0B18B01E2BD0FA2A005E8EBC /* FirebaseAnalytics */; };
		0B2D8B9E2BCAABCE00F4362C /* SettingsView.swift in Sources */ = {isa = PBXBuildFile; fileRef = 0B2D8B9D2BCAABCE00F4362C /* SettingsView.swift */; };
		0B2D8BA12BCC0DEE00F4362C /* TextRightChevronView.swift in Sources */ = {isa = PBXBuildFile; fileRef = 0B2D8BA02BCC0DEE00F4362C /* TextRightChevronView.swift */; };
		0B2D8BA32BCC115A00F4362C /* MainView.swift in Sources */ = {isa = PBXBuildFile; fileRef = 0B2D8BA22BCC115A00F4362C /* MainView.swift */; };
		0B2D8BA52BCC954500F4362C /* MagicAutocorrectionView.swift in Sources */ = {isa = PBXBuildFile; fileRef = 0B2D8BA42BCC954500F4362C /* MagicAutocorrectionView.swift */; };
		0B2D8BA82BCD2D5F00F4362C /* GifImage.swift in Sources */ = {isa = PBXBuildFile; fileRef = 0B2D8BA72BCD2D5F00F4362C /* GifImage.swift */; };
		0B2D8BAC2BCD303200F4362C /* EnvironmentValues+.swift in Sources */ = {isa = PBXBuildFile; fileRef = 0B2D8BAB2BCD303200F4362C /* EnvironmentValues+.swift */; };
		0B2D8BAD2BCD36E700F4362C /* Images.xcassets in Resources */ = {isa = PBXBuildFile; fileRef = 0BCA611E2B6BC73F0038FAFB /* Images.xcassets */; };
		0B2D8BAF2BCD37B200F4362C /* UIImage+Gif.swift in Sources */ = {isa = PBXBuildFile; fileRef = 0B2D8BAE2BCD37B200F4362C /* UIImage+Gif.swift */; };
		0B2D8BB12BCD38CF00F4362C /* autocorrectionExampleWhite.gif in Resources */ = {isa = PBXBuildFile; fileRef = 0B2D8BB02BCD38CF00F4362C /* autocorrectionExampleWhite.gif */; };
		0B2D8BB32BCD38D900F4362C /* autocorrectionExampleDark.gif in Resources */ = {isa = PBXBuildFile; fileRef = 0B2D8BB22BCD38D900F4362C /* autocorrectionExampleDark.gif */; };
		0B2D8BB72BCD3A6600F4362C /* FLAnimatedImage in Frameworks */ = {isa = PBXBuildFile; productRef = 0B2D8BB62BCD3A6600F4362C /* FLAnimatedImage */; };
		0B30DA722B8B2D5000215711 /* Assets.swift in Sources */ = {isa = PBXBuildFile; fileRef = 0BCA61252B6BCA060038FAFB /* Assets.swift */; };
		0B30DA732B8B2E0100215711 /* Images.xcassets in Resources */ = {isa = PBXBuildFile; fileRef = 0BCA611E2B6BC73F0038FAFB /* Images.xcassets */; };
		0B30DA742B8B2E0500215711 /* Colors.xcassets in Resources */ = {isa = PBXBuildFile; fileRef = 0BCA61202B6BC8D50038FAFB /* Colors.xcassets */; };
		0B30DA762B8BB67900215711 /* KeyboardSetupView.swift in Sources */ = {isa = PBXBuildFile; fileRef = 0B30DA752B8BB67900215711 /* KeyboardSetupView.swift */; };
		0B386FC52B6D128C008F0622 /* KeyboardKit in Frameworks */ = {isa = PBXBuildFile; productRef = 0B386FC42B6D128C008F0622 /* KeyboardKit */; };
		0B4690632BD7EF1B000FA0A7 /* Settings.bundle in Resources */ = {isa = PBXBuildFile; fileRef = 0B4690622BD7EF1B000FA0A7 /* Settings.bundle */; };
		0B4BA0C12BC2F0E000F6E182 /* QazaqFoundation.framework in Frameworks */ = {isa = PBXBuildFile; fileRef = 0B981F4C2BC2ECC1000308C2 /* QazaqFoundation.framework */; };
		0B4BA0C52BC2F0E000F6E182 /* WordSuggestionsEngine.framework in Frameworks */ = {isa = PBXBuildFile; fileRef = 0B62F1FE2BC2EC170069E5CF /* WordSuggestionsEngine.framework */; };
		0B4BA0C92BC2F0EF00F6E182 /* QazaqFoundation.framework in Frameworks */ = {isa = PBXBuildFile; fileRef = 0B981F4C2BC2ECC1000308C2 /* QazaqFoundation.framework */; };
		0B4BA0CF2BC2F4D200F6E182 /* qazaqWordsList.txt in Resources */ = {isa = PBXBuildFile; fileRef = 0B5066EA2B80AE0000C01D14 /* qazaqWordsList.txt */; };
		0B4BA0D02BC2F4D700F6E182 /* ShalaqazaqDatasetV2.json in Resources */ = {isa = PBXBuildFile; fileRef = 0B1E44F52B72C7DA00796ED3 /* ShalaqazaqDatasetV2.json */; };
		0B5BBE582BCEA90F0099F5F3 /* KeyboardSelectionView.swift in Sources */ = {isa = PBXBuildFile; fileRef = 0B5BBE572BCEA90F0099F5F3 /* KeyboardSelectionView.swift */; };
		0B5BBE5C2BCEABE70099F5F3 /* selectNeoQazaqKeyboardWhite.gif in Resources */ = {isa = PBXBuildFile; fileRef = 0B5BBE5A2BCEABE70099F5F3 /* selectNeoQazaqKeyboardWhite.gif */; };
		0B5BBE5D2BCEABE70099F5F3 /* selectNeoQazaqKeyboardDark.gif in Resources */ = {isa = PBXBuildFile; fileRef = 0B5BBE5B2BCEABE70099F5F3 /* selectNeoQazaqKeyboardDark.gif */; };
		0B5BBE602BCFBA1F0099F5F3 /* OnboardingExplanationView.swift in Sources */ = {isa = PBXBuildFile; fileRef = 0B5BBE5F2BCFBA1F0099F5F3 /* OnboardingExplanationView.swift */; };
		0B5BBE622BCFBE4D0099F5F3 /* RoundedCorners.swift in Sources */ = {isa = PBXBuildFile; fileRef = 0B5BBE612BCFBE4D0099F5F3 /* RoundedCorners.swift */; };
		0B62F2022BC2EC170069E5CF /* WordSuggestionsEngine.docc in Sources */ = {isa = PBXBuildFile; fileRef = 0B62F2012BC2EC170069E5CF /* WordSuggestionsEngine.docc */; };
		0B62F2082BC2EC170069E5CF /* WordSuggestionsEngine.framework in Frameworks */ = {isa = PBXBuildFile; fileRef = 0B62F1FE2BC2EC170069E5CF /* WordSuggestionsEngine.framework */; };
		0B62F20F2BC2EC170069E5CF /* QazaqWordSuggestionsEngineTests.swift in Sources */ = {isa = PBXBuildFile; fileRef = 0B62F20E2BC2EC170069E5CF /* QazaqWordSuggestionsEngineTests.swift */; };
		0B62F2102BC2EC170069E5CF /* WordSuggestionsEngine.h in Headers */ = {isa = PBXBuildFile; fileRef = 0B62F2002BC2EC170069E5CF /* WordSuggestionsEngine.h */; settings = {ATTRIBUTES = (Public, ); }; };
		0B62F2132BC2EC170069E5CF /* WordSuggestionsEngine.framework in Frameworks */ = {isa = PBXBuildFile; fileRef = 0B62F1FE2BC2EC170069E5CF /* WordSuggestionsEngine.framework */; };
		0B62F2142BC2EC170069E5CF /* WordSuggestionsEngine.framework in Embed Frameworks */ = {isa = PBXBuildFile; fileRef = 0B62F1FE2BC2EC170069E5CF /* WordSuggestionsEngine.framework */; settings = {ATTRIBUTES = (CodeSignOnCopy, RemoveHeadersOnCopy, ); }; };
		0B800E492B681A8900EADCA9 /* QazaqshaApp.swift in Sources */ = {isa = PBXBuildFile; fileRef = 0B800E482B681A8900EADCA9 /* QazaqshaApp.swift */; };
		0B800E4B2B681A8900EADCA9 /* AppMain.swift in Sources */ = {isa = PBXBuildFile; fileRef = 0B800E4A2B681A8900EADCA9 /* AppMain.swift */; };
		0B800E4D2B681A8A00EADCA9 /* Assets.xcassets in Resources */ = {isa = PBXBuildFile; fileRef = 0B800E4C2B681A8A00EADCA9 /* Assets.xcassets */; };
		0B800E502B681A8A00EADCA9 /* Preview Assets.xcassets in Resources */ = {isa = PBXBuildFile; fileRef = 0B800E4F2B681A8A00EADCA9 /* Preview Assets.xcassets */; };
		0B800E622B681AEE00EADCA9 /* KeyboardViewController.swift in Sources */ = {isa = PBXBuildFile; fileRef = 0B800E612B681AEE00EADCA9 /* KeyboardViewController.swift */; };
		0B981F422BC2EC8F000308C2 /* QazaqWordsDatasetLoader.swift in Sources */ = {isa = PBXBuildFile; fileRef = 0B981F3C2BC2EC8F000308C2 /* QazaqWordsDatasetLoader.swift */; };
		0B981F432BC2EC8F000308C2 /* WordSuggestionsEngine.swift in Sources */ = {isa = PBXBuildFile; fileRef = 0B981F3D2BC2EC8F000308C2 /* WordSuggestionsEngine.swift */; };
		0B981F442BC2EC8F000308C2 /* PossessiveService.swift in Sources */ = {isa = PBXBuildFile; fileRef = 0B981F3F2BC2EC8F000308C2 /* PossessiveService.swift */; };
		0B981F452BC2EC8F000308C2 /* QuantitativeService.swift in Sources */ = {isa = PBXBuildFile; fileRef = 0B981F402BC2EC8F000308C2 /* QuantitativeService.swift */; };
		0B981F462BC2EC8F000308C2 /* QazaqEndingsGenerator.swift in Sources */ = {isa = PBXBuildFile; fileRef = 0B981F412BC2EC8F000308C2 /* QazaqEndingsGenerator.swift */; };
		0B981F502BC2ECC1000308C2 /* QazaqFoundation.docc in Sources */ = {isa = PBXBuildFile; fileRef = 0B981F4F2BC2ECC1000308C2 /* QazaqFoundation.docc */; };
		0B981F5E2BC2ECC2000308C2 /* QazaqFoundation.h in Headers */ = {isa = PBXBuildFile; fileRef = 0B981F4E2BC2ECC1000308C2 /* QazaqFoundation.h */; settings = {ATTRIBUTES = (Public, ); }; };
		0B981F612BC2ECC2000308C2 /* QazaqFoundation.framework in Frameworks */ = {isa = PBXBuildFile; fileRef = 0B981F4C2BC2ECC1000308C2 /* QazaqFoundation.framework */; };
		0B981F622BC2ECC2000308C2 /* QazaqFoundation.framework in Embed Frameworks */ = {isa = PBXBuildFile; fileRef = 0B981F4C2BC2ECC1000308C2 /* QazaqFoundation.framework */; settings = {ATTRIBUTES = (CodeSignOnCopy, RemoveHeadersOnCopy, ); }; };
		0BA294162B91E22A001465DF /* OnboardingView.swift in Sources */ = {isa = PBXBuildFile; fileRef = 0BA294152B91E22A001465DF /* OnboardingView.swift */; };
		0BCA611F2B6BC73F0038FAFB /* Images.xcassets in Resources */ = {isa = PBXBuildFile; fileRef = 0BCA611E2B6BC73F0038FAFB /* Images.xcassets */; };
		0BCA61212B6BC8D50038FAFB /* Colors.xcassets in Resources */ = {isa = PBXBuildFile; fileRef = 0BCA61202B6BC8D50038FAFB /* Colors.xcassets */; };
		0BCA61262B6BCA060038FAFB /* Assets.swift in Sources */ = {isa = PBXBuildFile; fileRef = 0BCA61252B6BCA060038FAFB /* Assets.swift */; };
		0BCA613D2B6BDC120038FAFB /* QazaqAutocompleteProvider.swift in Sources */ = {isa = PBXBuildFile; fileRef = 0BCA613C2B6BDC120038FAFB /* QazaqAutocompleteProvider.swift */; };
		0BD201292BC2EDA20065DBC1 /* UserDefaults+.swift in Sources */ = {isa = PBXBuildFile; fileRef = 0BA294172B91E43F001465DF /* UserDefaults+.swift */; };
		0BD2012A2BC2EDA50065DBC1 /* String+.swift in Sources */ = {isa = PBXBuildFile; fileRef = 0BCA613E2B6BDC310038FAFB /* String+.swift */; };
		0BD2012B2BC2EDAC0065DBC1 /* UIStackView+.swift in Sources */ = {isa = PBXBuildFile; fileRef = 0BCA612D2B6BD1070038FAFB /* UIStackView+.swift */; };
		0BD2012C2BC2EDAC0065DBC1 /* UIImage+.swift in Sources */ = {isa = PBXBuildFile; fileRef = 0BCA612F2B6BD11A0038FAFB /* UIImage+.swift */; };
		0BEDB0122BC30B830034027D /* QazaqFoundation.framework in Frameworks */ = {isa = PBXBuildFile; fileRef = 0B981F4C2BC2ECC1000308C2 /* QazaqFoundation.framework */; };
		0BEDB0132BC30B830034027D /* QazaqFoundation.framework in Embed Frameworks */ = {isa = PBXBuildFile; fileRef = 0B981F4C2BC2ECC1000308C2 /* QazaqFoundation.framework */; settings = {ATTRIBUTES = (RemoveHeadersOnCopy, ); }; };
		0BEDB0162BC30B830034027D /* WordSuggestionsEngine.framework in Frameworks */ = {isa = PBXBuildFile; fileRef = 0B62F1FE2BC2EC170069E5CF /* WordSuggestionsEngine.framework */; };
		0BEDB0172BC30B830034027D /* WordSuggestionsEngine.framework in Embed Frameworks */ = {isa = PBXBuildFile; fileRef = 0B62F1FE2BC2EC170069E5CF /* WordSuggestionsEngine.framework */; settings = {ATTRIBUTES = (RemoveHeadersOnCopy, ); }; };
		0BEDB01B2BC30F540034027D /* Batyrma.appex in Embed Foundation Extensions */ = {isa = PBXBuildFile; fileRef = 0B800E5F2B681AEE00EADCA9 /* Batyrma.appex */; settings = {ATTRIBUTES = (RemoveHeadersOnCopy, ); }; };
		0BF808722BD10BEE0000DD96 /* FirebaseAnalytics in Frameworks */ = {isa = PBXBuildFile; productRef = 0BF808712BD10BEE0000DD96 /* FirebaseAnalytics */; };
		0BF8087D2BD113B40000DD96 /* Instabug in Frameworks */ = {isa = PBXBuildFile; productRef = 0BF8087C2BD113B40000DD96 /* Instabug */; };
		0BF808802BD11C100000DD96 /* WebView.swift in Sources */ = {isa = PBXBuildFile; fileRef = 0BF8087F2BD11C100000DD96 /* WebView.swift */; };
/* End PBXBuildFile section */

/* Begin PBXContainerItemProxy section */
		0B4BA0C32BC2F0E000F6E182 /* PBXContainerItemProxy */ = {
			isa = PBXContainerItemProxy;
			containerPortal = 0B800E3D2B681A8900EADCA9 /* Project object */;
			proxyType = 1;
			remoteGlobalIDString = 0B981F4B2BC2ECC1000308C2;
			remoteInfo = QazaqFoundation;
		};
		0B4BA0C72BC2F0E000F6E182 /* PBXContainerItemProxy */ = {
			isa = PBXContainerItemProxy;
			containerPortal = 0B800E3D2B681A8900EADCA9 /* Project object */;
			proxyType = 1;
			remoteGlobalIDString = 0B62F1FD2BC2EC170069E5CF;
			remoteInfo = WordSuggestionsEngine;
		};
		0B4BA0CB2BC2F0EF00F6E182 /* PBXContainerItemProxy */ = {
			isa = PBXContainerItemProxy;
			containerPortal = 0B800E3D2B681A8900EADCA9 /* Project object */;
			proxyType = 1;
			remoteGlobalIDString = 0B981F4B2BC2ECC1000308C2;
			remoteInfo = QazaqFoundation;
		};
		0B62F2092BC2EC170069E5CF /* PBXContainerItemProxy */ = {
			isa = PBXContainerItemProxy;
			containerPortal = 0B800E3D2B681A8900EADCA9 /* Project object */;
			proxyType = 1;
			remoteGlobalIDString = 0B62F1FD2BC2EC170069E5CF;
			remoteInfo = WordSuggestionsEngine;
		};
		0B62F20B2BC2EC170069E5CF /* PBXContainerItemProxy */ = {
			isa = PBXContainerItemProxy;
			containerPortal = 0B800E3D2B681A8900EADCA9 /* Project object */;
			proxyType = 1;
			remoteGlobalIDString = 0B800E442B681A8900EADCA9;
			remoteInfo = Qazaqsha;
		};
		0B62F2112BC2EC170069E5CF /* PBXContainerItemProxy */ = {
			isa = PBXContainerItemProxy;
			containerPortal = 0B800E3D2B681A8900EADCA9 /* Project object */;
			proxyType = 1;
			remoteGlobalIDString = 0B62F1FD2BC2EC170069E5CF;
			remoteInfo = WordSuggestionsEngine;
		};
		0B981F5F2BC2ECC2000308C2 /* PBXContainerItemProxy */ = {
			isa = PBXContainerItemProxy;
			containerPortal = 0B800E3D2B681A8900EADCA9 /* Project object */;
			proxyType = 1;
			remoteGlobalIDString = 0B981F4B2BC2ECC1000308C2;
			remoteInfo = QazaqFoundation;
		};
		0BEDB0142BC30B830034027D /* PBXContainerItemProxy */ = {
			isa = PBXContainerItemProxy;
			containerPortal = 0B800E3D2B681A8900EADCA9 /* Project object */;
			proxyType = 1;
			remoteGlobalIDString = 0B981F4B2BC2ECC1000308C2;
			remoteInfo = QazaqFoundation;
		};
		0BEDB0182BC30B830034027D /* PBXContainerItemProxy */ = {
			isa = PBXContainerItemProxy;
			containerPortal = 0B800E3D2B681A8900EADCA9 /* Project object */;
			proxyType = 1;
			remoteGlobalIDString = 0B62F1FD2BC2EC170069E5CF;
			remoteInfo = WordSuggestionsEngine;
		};
		0BEDB01C2BC30F540034027D /* PBXContainerItemProxy */ = {
			isa = PBXContainerItemProxy;
			containerPortal = 0B800E3D2B681A8900EADCA9 /* Project object */;
			proxyType = 1;
			remoteGlobalIDString = 0B800E5E2B681AEE00EADCA9;
			remoteInfo = Batyrma;
		};
		0BEF66812BC2DCAF00829036 /* PBXContainerItemProxy */ = {
			isa = PBXContainerItemProxy;
			containerPortal = 0B800E3D2B681A8900EADCA9 /* Project object */;
			proxyType = 1;
			remoteGlobalIDString = 0B800E442B681A8900EADCA9;
			remoteInfo = Qazaqsha;
		};
/* End PBXContainerItemProxy section */

/* Begin PBXCopyFilesBuildPhase section */
		0B4BA0CD2BC2F0EF00F6E182 /* Embed Frameworks */ = {
			isa = PBXCopyFilesBuildPhase;
			buildActionMask = 2147483647;
			dstPath = "";
			dstSubfolderSpec = 10;
			files = (
			);
			name = "Embed Frameworks";
			runOnlyForDeploymentPostprocessing = 0;
		};
		0B62F2152BC2EC170069E5CF /* Embed Frameworks */ = {
			isa = PBXCopyFilesBuildPhase;
			buildActionMask = 2147483647;
			dstPath = "";
			dstSubfolderSpec = 10;
			files = (
				0B981F622BC2ECC2000308C2 /* QazaqFoundation.framework in Embed Frameworks */,
				0B62F2142BC2EC170069E5CF /* WordSuggestionsEngine.framework in Embed Frameworks */,
			);
			name = "Embed Frameworks";
			runOnlyForDeploymentPostprocessing = 0;
		};
		0BEDB01A2BC30B830034027D /* Embed Frameworks */ = {
			isa = PBXCopyFilesBuildPhase;
			buildActionMask = 2147483647;
			dstPath = "";
			dstSubfolderSpec = 10;
			files = (
				0BEDB0172BC30B830034027D /* WordSuggestionsEngine.framework in Embed Frameworks */,
				0BEDB0132BC30B830034027D /* QazaqFoundation.framework in Embed Frameworks */,
			);
			name = "Embed Frameworks";
			runOnlyForDeploymentPostprocessing = 0;
		};
		0BEDB01E2BC30F540034027D /* Embed Foundation Extensions */ = {
			isa = PBXCopyFilesBuildPhase;
			buildActionMask = 2147483647;
			dstPath = "";
			dstSubfolderSpec = 13;
			files = (
				0BEDB01B2BC30F540034027D /* Batyrma.appex in Embed Foundation Extensions */,
			);
			name = "Embed Foundation Extensions";
			runOnlyForDeploymentPostprocessing = 0;
		};
/* End PBXCopyFilesBuildPhase section */

/* Begin PBXFileReference section */
		0B13E7DB2BDA7A9700CB11F9 /* russianWordsDataset.txt */ = {isa = PBXFileReference; fileEncoding = 4; lastKnownFileType = text; path = russianWordsDataset.txt; sourceTree = "<group>"; };
		0B18B0152BD01C96005E8EBC /* OnboardingViewModel.swift */ = {isa = PBXFileReference; lastKnownFileType = sourcecode.swift; path = OnboardingViewModel.swift; sourceTree = "<group>"; };
		0B18B0182BD0F83B005E8EBC /* GoogleService-Info.plist */ = {isa = PBXFileReference; fileEncoding = 4; lastKnownFileType = text.plist.xml; path = "GoogleService-Info.plist"; sourceTree = "<group>"; };
		0B18B01C2BD0F9EF005E8EBC /* AppDelegate.swift */ = {isa = PBXFileReference; lastKnownFileType = sourcecode.swift; path = AppDelegate.swift; sourceTree = "<group>"; };
		0B1E44F52B72C7DA00796ED3 /* ShalaqazaqDatasetV2.json */ = {isa = PBXFileReference; lastKnownFileType = text.json; path = ShalaqazaqDatasetV2.json; sourceTree = "<group>"; };
		0B2D8B9D2BCAABCE00F4362C /* SettingsView.swift */ = {isa = PBXFileReference; lastKnownFileType = sourcecode.swift; path = SettingsView.swift; sourceTree = "<group>"; };
		0B2D8BA02BCC0DEE00F4362C /* TextRightChevronView.swift */ = {isa = PBXFileReference; lastKnownFileType = sourcecode.swift; path = TextRightChevronView.swift; sourceTree = "<group>"; };
		0B2D8BA22BCC115A00F4362C /* MainView.swift */ = {isa = PBXFileReference; lastKnownFileType = sourcecode.swift; path = MainView.swift; sourceTree = "<group>"; };
		0B2D8BA42BCC954500F4362C /* MagicAutocorrectionView.swift */ = {isa = PBXFileReference; lastKnownFileType = sourcecode.swift; path = MagicAutocorrectionView.swift; sourceTree = "<group>"; };
		0B2D8BA72BCD2D5F00F4362C /* GifImage.swift */ = {isa = PBXFileReference; lastKnownFileType = sourcecode.swift; path = GifImage.swift; sourceTree = "<group>"; };
		0B2D8BAB2BCD303200F4362C /* EnvironmentValues+.swift */ = {isa = PBXFileReference; lastKnownFileType = sourcecode.swift; path = "EnvironmentValues+.swift"; sourceTree = "<group>"; };
		0B2D8BAE2BCD37B200F4362C /* UIImage+Gif.swift */ = {isa = PBXFileReference; lastKnownFileType = sourcecode.swift; path = "UIImage+Gif.swift"; sourceTree = "<group>"; };
		0B2D8BB02BCD38CF00F4362C /* autocorrectionExampleWhite.gif */ = {isa = PBXFileReference; lastKnownFileType = image.gif; path = autocorrectionExampleWhite.gif; sourceTree = "<group>"; };
		0B2D8BB22BCD38D900F4362C /* autocorrectionExampleDark.gif */ = {isa = PBXFileReference; lastKnownFileType = image.gif; path = autocorrectionExampleDark.gif; sourceTree = "<group>"; };
		0B30DA752B8BB67900215711 /* KeyboardSetupView.swift */ = {isa = PBXFileReference; lastKnownFileType = sourcecode.swift; path = KeyboardSetupView.swift; sourceTree = "<group>"; };
		0B4690622BD7EF1B000FA0A7 /* Settings.bundle */ = {isa = PBXFileReference; lastKnownFileType = "wrapper.plug-in"; name = Settings.bundle; path = "Qazaqsha/Application Layer/Configurations/Settings.bundle"; sourceTree = "<group>"; };
		0B5066EA2B80AE0000C01D14 /* qazaqWordsList.txt */ = {isa = PBXFileReference; fileEncoding = 4; lastKnownFileType = text; path = qazaqWordsList.txt; sourceTree = "<group>"; };
		0B5BBE572BCEA90F0099F5F3 /* KeyboardSelectionView.swift */ = {isa = PBXFileReference; lastKnownFileType = sourcecode.swift; path = KeyboardSelectionView.swift; sourceTree = "<group>"; };
		0B5BBE5A2BCEABE70099F5F3 /* selectNeoQazaqKeyboardWhite.gif */ = {isa = PBXFileReference; lastKnownFileType = image.gif; path = selectNeoQazaqKeyboardWhite.gif; sourceTree = "<group>"; };
		0B5BBE5B2BCEABE70099F5F3 /* selectNeoQazaqKeyboardDark.gif */ = {isa = PBXFileReference; lastKnownFileType = image.gif; path = selectNeoQazaqKeyboardDark.gif; sourceTree = "<group>"; };
		0B5BBE5F2BCFBA1F0099F5F3 /* OnboardingExplanationView.swift */ = {isa = PBXFileReference; lastKnownFileType = sourcecode.swift; path = OnboardingExplanationView.swift; sourceTree = "<group>"; };
		0B5BBE612BCFBE4D0099F5F3 /* RoundedCorners.swift */ = {isa = PBXFileReference; lastKnownFileType = sourcecode.swift; path = RoundedCorners.swift; sourceTree = "<group>"; };
		0B62F1FE2BC2EC170069E5CF /* WordSuggestionsEngine.framework */ = {isa = PBXFileReference; explicitFileType = wrapper.framework; includeInIndex = 0; path = WordSuggestionsEngine.framework; sourceTree = BUILT_PRODUCTS_DIR; };
		0B62F2002BC2EC170069E5CF /* WordSuggestionsEngine.h */ = {isa = PBXFileReference; lastKnownFileType = sourcecode.c.h; path = WordSuggestionsEngine.h; sourceTree = "<group>"; };
		0B62F2012BC2EC170069E5CF /* WordSuggestionsEngine.docc */ = {isa = PBXFileReference; lastKnownFileType = folder.documentationcatalog; path = WordSuggestionsEngine.docc; sourceTree = "<group>"; };
		0B62F2072BC2EC170069E5CF /* WordSuggestionsEngineTests.xctest */ = {isa = PBXFileReference; explicitFileType = wrapper.cfbundle; includeInIndex = 0; path = WordSuggestionsEngineTests.xctest; sourceTree = BUILT_PRODUCTS_DIR; };
		0B62F20E2BC2EC170069E5CF /* QazaqWordSuggestionsEngineTests.swift */ = {isa = PBXFileReference; lastKnownFileType = sourcecode.swift; path = QazaqWordSuggestionsEngineTests.swift; sourceTree = "<group>"; };
		0B800E452B681A8900EADCA9 /* Qazaqsha.app */ = {isa = PBXFileReference; explicitFileType = wrapper.application; includeInIndex = 0; path = Qazaqsha.app; sourceTree = BUILT_PRODUCTS_DIR; };
		0B800E482B681A8900EADCA9 /* QazaqshaApp.swift */ = {isa = PBXFileReference; lastKnownFileType = sourcecode.swift; path = QazaqshaApp.swift; sourceTree = "<group>"; };
		0B800E4A2B681A8900EADCA9 /* AppMain.swift */ = {isa = PBXFileReference; lastKnownFileType = sourcecode.swift; path = AppMain.swift; sourceTree = "<group>"; };
		0B800E4C2B681A8A00EADCA9 /* Assets.xcassets */ = {isa = PBXFileReference; lastKnownFileType = folder.assetcatalog; path = Assets.xcassets; sourceTree = "<group>"; };
		0B800E4F2B681A8A00EADCA9 /* Preview Assets.xcassets */ = {isa = PBXFileReference; lastKnownFileType = folder.assetcatalog; path = "Preview Assets.xcassets"; sourceTree = "<group>"; };
		0B800E5F2B681AEE00EADCA9 /* Batyrma.appex */ = {isa = PBXFileReference; explicitFileType = "wrapper.app-extension"; includeInIndex = 0; path = Batyrma.appex; sourceTree = BUILT_PRODUCTS_DIR; };
		0B800E612B681AEE00EADCA9 /* KeyboardViewController.swift */ = {isa = PBXFileReference; lastKnownFileType = sourcecode.swift; path = KeyboardViewController.swift; sourceTree = "<group>"; };
		0B800E632B681AEE00EADCA9 /* Info.plist */ = {isa = PBXFileReference; lastKnownFileType = text.plist.xml; path = Info.plist; sourceTree = "<group>"; };
		0B981F3C2BC2EC8F000308C2 /* QazaqWordsDatasetLoader.swift */ = {isa = PBXFileReference; fileEncoding = 4; lastKnownFileType = sourcecode.swift; path = QazaqWordsDatasetLoader.swift; sourceTree = "<group>"; };
		0B981F3D2BC2EC8F000308C2 /* WordSuggestionsEngine.swift */ = {isa = PBXFileReference; fileEncoding = 4; lastKnownFileType = sourcecode.swift; path = WordSuggestionsEngine.swift; sourceTree = "<group>"; };
		0B981F3F2BC2EC8F000308C2 /* PossessiveService.swift */ = {isa = PBXFileReference; fileEncoding = 4; lastKnownFileType = sourcecode.swift; path = PossessiveService.swift; sourceTree = "<group>"; };
		0B981F402BC2EC8F000308C2 /* QuantitativeService.swift */ = {isa = PBXFileReference; fileEncoding = 4; lastKnownFileType = sourcecode.swift; path = QuantitativeService.swift; sourceTree = "<group>"; };
		0B981F412BC2EC8F000308C2 /* QazaqEndingsGenerator.swift */ = {isa = PBXFileReference; fileEncoding = 4; lastKnownFileType = sourcecode.swift; path = QazaqEndingsGenerator.swift; sourceTree = "<group>"; };
		0B981F4C2BC2ECC1000308C2 /* QazaqFoundation.framework */ = {isa = PBXFileReference; explicitFileType = wrapper.framework; includeInIndex = 0; path = QazaqFoundation.framework; sourceTree = BUILT_PRODUCTS_DIR; };
		0B981F4E2BC2ECC1000308C2 /* QazaqFoundation.h */ = {isa = PBXFileReference; lastKnownFileType = sourcecode.c.h; path = QazaqFoundation.h; sourceTree = "<group>"; };
		0B981F4F2BC2ECC1000308C2 /* QazaqFoundation.docc */ = {isa = PBXFileReference; lastKnownFileType = folder.documentationcatalog; path = QazaqFoundation.docc; sourceTree = "<group>"; };
		0BA294132B91DF9A001465DF /* Qazaqsha.entitlements */ = {isa = PBXFileReference; lastKnownFileType = text.plist.entitlements; path = Qazaqsha.entitlements; sourceTree = "<group>"; };
		0BA294142B91E0EA001465DF /* Batyrma.entitlements */ = {isa = PBXFileReference; lastKnownFileType = text.plist.entitlements; path = Batyrma.entitlements; sourceTree = "<group>"; };
		0BA294152B91E22A001465DF /* OnboardingView.swift */ = {isa = PBXFileReference; lastKnownFileType = sourcecode.swift; path = OnboardingView.swift; sourceTree = "<group>"; };
		0BA294172B91E43F001465DF /* UserDefaults+.swift */ = {isa = PBXFileReference; lastKnownFileType = sourcecode.swift; path = "UserDefaults+.swift"; sourceTree = "<group>"; };
		0BAB0BC52B811AB600DB06F5 /* Info.plist */ = {isa = PBXFileReference; fileEncoding = 4; lastKnownFileType = text.plist.xml; path = Info.plist; sourceTree = "<group>"; };
		0BCA611E2B6BC73F0038FAFB /* Images.xcassets */ = {isa = PBXFileReference; lastKnownFileType = folder.assetcatalog; path = Images.xcassets; sourceTree = "<group>"; };
		0BCA61202B6BC8D50038FAFB /* Colors.xcassets */ = {isa = PBXFileReference; lastKnownFileType = folder.assetcatalog; path = Colors.xcassets; sourceTree = "<group>"; };
		0BCA61252B6BCA060038FAFB /* Assets.swift */ = {isa = PBXFileReference; fileEncoding = 4; lastKnownFileType = sourcecode.swift; path = Assets.swift; sourceTree = "<group>"; };
		0BCA612D2B6BD1070038FAFB /* UIStackView+.swift */ = {isa = PBXFileReference; lastKnownFileType = sourcecode.swift; path = "UIStackView+.swift"; sourceTree = "<group>"; };
		0BCA612F2B6BD11A0038FAFB /* UIImage+.swift */ = {isa = PBXFileReference; lastKnownFileType = sourcecode.swift; path = "UIImage+.swift"; sourceTree = "<group>"; };
		0BCA613C2B6BDC120038FAFB /* QazaqAutocompleteProvider.swift */ = {isa = PBXFileReference; lastKnownFileType = sourcecode.swift; path = QazaqAutocompleteProvider.swift; sourceTree = "<group>"; };
		0BCA613E2B6BDC310038FAFB /* String+.swift */ = {isa = PBXFileReference; lastKnownFileType = sourcecode.swift; path = "String+.swift"; sourceTree = "<group>"; };
		0BEF667D2BC2DCAF00829036 /* QazaqshaTests.xctest */ = {isa = PBXFileReference; explicitFileType = wrapper.cfbundle; includeInIndex = 0; path = QazaqshaTests.xctest; sourceTree = BUILT_PRODUCTS_DIR; };
		0BF8087F2BD11C100000DD96 /* WebView.swift */ = {isa = PBXFileReference; lastKnownFileType = sourcecode.swift; path = WebView.swift; sourceTree = "<group>"; };
/* End PBXFileReference section */

/* Begin PBXFrameworksBuildPhase section */
		0B62F1FB2BC2EC170069E5CF /* Frameworks */ = {
			isa = PBXFrameworksBuildPhase;
			buildActionMask = 2147483647;
			files = (
				0B4BA0C92BC2F0EF00F6E182 /* QazaqFoundation.framework in Frameworks */,
			);
			runOnlyForDeploymentPostprocessing = 0;
		};
		0B62F2042BC2EC170069E5CF /* Frameworks */ = {
			isa = PBXFrameworksBuildPhase;
			buildActionMask = 2147483647;
			files = (
				0B62F2082BC2EC170069E5CF /* WordSuggestionsEngine.framework in Frameworks */,
			);
			runOnlyForDeploymentPostprocessing = 0;
		};
		0B800E422B681A8900EADCA9 /* Frameworks */ = {
			isa = PBXFrameworksBuildPhase;
			buildActionMask = 2147483647;
			files = (
				0B981F612BC2ECC2000308C2 /* QazaqFoundation.framework in Frameworks */,
				0B62F2132BC2EC170069E5CF /* WordSuggestionsEngine.framework in Frameworks */,
				0B18B01F2BD0FA2A005E8EBC /* FirebaseAnalytics in Frameworks */,
				0BF8087D2BD113B40000DD96 /* Instabug in Frameworks */,
			);
			runOnlyForDeploymentPostprocessing = 0;
		};
		0B800E5C2B681AEE00EADCA9 /* Frameworks */ = {
			isa = PBXFrameworksBuildPhase;
			buildActionMask = 2147483647;
			files = (
				0B4BA0C12BC2F0E000F6E182 /* QazaqFoundation.framework in Frameworks */,
				0B386FC52B6D128C008F0622 /* KeyboardKit in Frameworks */,
				0BF808722BD10BEE0000DD96 /* FirebaseAnalytics in Frameworks */,
				0B4BA0C52BC2F0E000F6E182 /* WordSuggestionsEngine.framework in Frameworks */,
			);
			runOnlyForDeploymentPostprocessing = 0;
		};
		0B981F492BC2ECC1000308C2 /* Frameworks */ = {
			isa = PBXFrameworksBuildPhase;
			buildActionMask = 2147483647;
			files = (
				0B2D8BB72BCD3A6600F4362C /* FLAnimatedImage in Frameworks */,
			);
			runOnlyForDeploymentPostprocessing = 0;
		};
		0BEF667A2BC2DCAF00829036 /* Frameworks */ = {
			isa = PBXFrameworksBuildPhase;
			buildActionMask = 2147483647;
			files = (
				0BEDB0162BC30B830034027D /* WordSuggestionsEngine.framework in Frameworks */,
				0BEDB0122BC30B830034027D /* QazaqFoundation.framework in Frameworks */,
			);
			runOnlyForDeploymentPostprocessing = 0;
		};
/* End PBXFrameworksBuildPhase section */

/* Begin PBXGroup section */
		0B2D8B9F2BCC0DDF00F4362C /* Common */ = {
			isa = PBXGroup;
			children = (
				0B2D8BA42BCC954500F4362C /* MagicAutocorrectionView.swift */,
				0B5BBE572BCEA90F0099F5F3 /* KeyboardSelectionView.swift */,
				0B2D8BA02BCC0DEE00F4362C /* TextRightChevronView.swift */,
			);
			path = Common;
			sourceTree = "<group>";
		};
		0B2D8BA62BCD2D4900F4362C /* SwiftUI */ = {
			isa = PBXGroup;
			children = (
				0B2D8BA72BCD2D5F00F4362C /* GifImage.swift */,
			);
			path = SwiftUI;
			sourceTree = "<group>";
		};
		0B2D8BAA2BCD302800F4362C /* SwiftUI */ = {
			isa = PBXGroup;
			children = (
				0B2D8BAB2BCD303200F4362C /* EnvironmentValues+.swift */,
				0B5BBE612BCFBE4D0099F5F3 /* RoundedCorners.swift */,
			);
			path = SwiftUI;
			sourceTree = "<group>";
		};
		0B2D8BB42BCD38DD00F4362C /* Gif */ = {
			isa = PBXGroup;
			children = (
				0B5BBE5B2BCEABE70099F5F3 /* selectNeoQazaqKeyboardDark.gif */,
				0B5BBE5A2BCEABE70099F5F3 /* selectNeoQazaqKeyboardWhite.gif */,
				0B2D8BB02BCD38CF00F4362C /* autocorrectionExampleWhite.gif */,
				0B2D8BB22BCD38D900F4362C /* autocorrectionExampleDark.gif */,
			);
			path = Gif;
			sourceTree = "<group>";
		};
		0B4BA0CE2BC2F12800F6E182 /* WordSuggestionsEngine */ = {
			isa = PBXGroup;
			children = (
				0B62F20D2BC2EC170069E5CF /* WordSuggestionsEngineTests */,
				0B62F1FF2BC2EC170069E5CF /* WordSuggestionsEngine */,
			);
			path = WordSuggestionsEngine;
			sourceTree = "<group>";
		};
		0B4BA0D12BC2F4DE00F6E182 /* Recources */ = {
			isa = PBXGroup;
			children = (
				0B13E7DB2BDA7A9700CB11F9 /* russianWordsDataset.txt */,
				0B5066EA2B80AE0000C01D14 /* qazaqWordsList.txt */,
				0B1E44F52B72C7DA00796ED3 /* ShalaqazaqDatasetV2.json */,
			);
			path = Recources;
			sourceTree = "<group>";
		};
		0B5BBE5E2BCFB9FD0099F5F3 /* Onboarding */ = {
			isa = PBXGroup;
			children = (
				0BA294152B91E22A001465DF /* OnboardingView.swift */,
				0B18B0152BD01C96005E8EBC /* OnboardingViewModel.swift */,
				0B5BBE5F2BCFBA1F0099F5F3 /* OnboardingExplanationView.swift */,
			);
			path = Onboarding;
			sourceTree = "<group>";
		};
		0B62F1FF2BC2EC170069E5CF /* WordSuggestionsEngine */ = {
			isa = PBXGroup;
			children = (
				0B4BA0D12BC2F4DE00F6E182 /* Recources */,
				0B981F3B2BC2EC8F000308C2 /* Core Layer */,
				0B62F2002BC2EC170069E5CF /* WordSuggestionsEngine.h */,
				0B62F2012BC2EC170069E5CF /* WordSuggestionsEngine.docc */,
			);
			path = WordSuggestionsEngine;
			sourceTree = "<group>";
		};
		0B62F20D2BC2EC170069E5CF /* WordSuggestionsEngineTests */ = {
			isa = PBXGroup;
			children = (
				0B62F20E2BC2EC170069E5CF /* QazaqWordSuggestionsEngineTests.swift */,
			);
			path = WordSuggestionsEngineTests;
			sourceTree = "<group>";
		};
		0B800E3C2B681A8900EADCA9 = {
			isa = PBXGroup;
			children = (
				0B4690622BD7EF1B000FA0A7 /* Settings.bundle */,
				0BCA611D2B6BC7280038FAFB /* Resources */,
				0B800E472B681A8900EADCA9 /* Qazaqsha */,
				0B800E602B681AEE00EADCA9 /* Batyrma */,
				0B4BA0CE2BC2F12800F6E182 /* WordSuggestionsEngine */,
				0B981F4D2BC2ECC1000308C2 /* QazaqFoundation */,
				0B800E462B681A8900EADCA9 /* Products */,
				0BEDB0112BC30B830034027D /* Frameworks */,
			);
			sourceTree = "<group>";
		};
		0B800E462B681A8900EADCA9 /* Products */ = {
			isa = PBXGroup;
			children = (
				0B800E452B681A8900EADCA9 /* Qazaqsha.app */,
				0B800E5F2B681AEE00EADCA9 /* Batyrma.appex */,
				0BEF667D2BC2DCAF00829036 /* QazaqshaTests.xctest */,
				0B62F1FE2BC2EC170069E5CF /* WordSuggestionsEngine.framework */,
				0B62F2072BC2EC170069E5CF /* WordSuggestionsEngineTests.xctest */,
				0B981F4C2BC2ECC1000308C2 /* QazaqFoundation.framework */,
			);
			name = Products;
			sourceTree = "<group>";
		};
		0B800E472B681A8900EADCA9 /* Qazaqsha */ = {
			isa = PBXGroup;
			children = (
				0BA294132B91DF9A001465DF /* Qazaqsha.entitlements */,
				0BAB0BC52B811AB600DB06F5 /* Info.plist */,
				0B18B0182BD0F83B005E8EBC /* GoogleService-Info.plist */,
				0BBDCEC52BD13FBA002781C8 /* Application Layer */,
				0BBDCEC42BD13FAA002781C8 /* Presentation Layer */,
				0B800E4C2B681A8A00EADCA9 /* Assets.xcassets */,
				0B800E4E2B681A8A00EADCA9 /* Preview Content */,
			);
			path = Qazaqsha;
			sourceTree = "<group>";
		};
		0B800E4E2B681A8A00EADCA9 /* Preview Content */ = {
			isa = PBXGroup;
			children = (
				0B800E4F2B681A8A00EADCA9 /* Preview Assets.xcassets */,
			);
			path = "Preview Content";
			sourceTree = "<group>";
		};
		0B800E602B681AEE00EADCA9 /* Batyrma */ = {
			isa = PBXGroup;
			children = (
				0BA294142B91E0EA001465DF /* Batyrma.entitlements */,
				0BEA16A22B7BE054000154C6 /* Core Layer */,
				0B800E612B681AEE00EADCA9 /* KeyboardViewController.swift */,
				0B800E632B681AEE00EADCA9 /* Info.plist */,
			);
			path = Batyrma;
			sourceTree = "<group>";
		};
		0B981F3B2BC2EC8F000308C2 /* Core Layer */ = {
			isa = PBXGroup;
			children = (
				0B981F3C2BC2EC8F000308C2 /* QazaqWordsDatasetLoader.swift */,
				0B981F3D2BC2EC8F000308C2 /* WordSuggestionsEngine.swift */,
				0B981F3E2BC2EC8F000308C2 /* QazaqEndingsGenerator */,
			);
			path = "Core Layer";
			sourceTree = "<group>";
		};
		0B981F3E2BC2EC8F000308C2 /* QazaqEndingsGenerator */ = {
			isa = PBXGroup;
			children = (
				0B981F3F2BC2EC8F000308C2 /* PossessiveService.swift */,
				0B981F402BC2EC8F000308C2 /* QuantitativeService.swift */,
				0B981F412BC2EC8F000308C2 /* QazaqEndingsGenerator.swift */,
			);
			path = QazaqEndingsGenerator;
			sourceTree = "<group>";
		};
		0B981F4D2BC2ECC1000308C2 /* QazaqFoundation */ = {
			isa = PBXGroup;
			children = (
				0B2D8BA62BCD2D4900F4362C /* SwiftUI */,
				0BCA612B2B6BD0F20038FAFB /* Extensions */,
				0B981F4E2BC2ECC1000308C2 /* QazaqFoundation.h */,
				0B981F4F2BC2ECC1000308C2 /* QazaqFoundation.docc */,
			);
			path = QazaqFoundation;
			sourceTree = "<group>";
		};
		0BBDCEC42BD13FAA002781C8 /* Presentation Layer */ = {
			isa = PBXGroup;
			children = (
				0B800E482B681A8900EADCA9 /* QazaqshaApp.swift */,
				0B2D8B9F2BCC0DDF00F4362C /* Common */,
				0BF8087E2BD11C010000DD96 /* Main */,
				0B5BBE5E2BCFB9FD0099F5F3 /* Onboarding */,
				0B30DA752B8BB67900215711 /* KeyboardSetupView.swift */,
			);
			path = "Presentation Layer";
			sourceTree = "<group>";
		};
		0BBDCEC52BD13FBA002781C8 /* Application Layer */ = {
			isa = PBXGroup;
			children = (
				0B18B01C2BD0F9EF005E8EBC /* AppDelegate.swift */,
				0B800E4A2B681A8900EADCA9 /* AppMain.swift */,
			);
			path = "Application Layer";
			sourceTree = "<group>";
		};
		0BCA611D2B6BC7280038FAFB /* Resources */ = {
			isa = PBXGroup;
			children = (
				0B2D8BB42BCD38DD00F4362C /* Gif */,
				0BCA611E2B6BC73F0038FAFB /* Images.xcassets */,
				0BCA61242B6BCA060038FAFB /* Generated */,
				0BCA61202B6BC8D50038FAFB /* Colors.xcassets */,
			);
			path = Resources;
			sourceTree = "<group>";
		};
		0BCA61242B6BCA060038FAFB /* Generated */ = {
			isa = PBXGroup;
			children = (
				0BCA61252B6BCA060038FAFB /* Assets.swift */,
			);
			path = Generated;
			sourceTree = "<group>";
		};
		0BCA612B2B6BD0F20038FAFB /* Extensions */ = {
			isa = PBXGroup;
			children = (
				0B2D8BAA2BCD302800F4362C /* SwiftUI */,
				0BCA61422B6BDC640038FAFB /* Swift */,
				0BCA612C2B6BD0F90038FAFB /* UIKit */,
			);
			path = Extensions;
			sourceTree = "<group>";
		};
		0BCA612C2B6BD0F90038FAFB /* UIKit */ = {
			isa = PBXGroup;
			children = (
				0BCA612D2B6BD1070038FAFB /* UIStackView+.swift */,
				0BCA612F2B6BD11A0038FAFB /* UIImage+.swift */,
				0B2D8BAE2BCD37B200F4362C /* UIImage+Gif.swift */,
			);
			path = UIKit;
			sourceTree = "<group>";
		};
		0BCA61392B6BDBF40038FAFB /* AutocompleteProvider */ = {
			isa = PBXGroup;
			children = (
				0BCA613C2B6BDC120038FAFB /* QazaqAutocompleteProvider.swift */,
			);
			path = AutocompleteProvider;
			sourceTree = "<group>";
		};
		0BCA61422B6BDC640038FAFB /* Swift */ = {
			isa = PBXGroup;
			children = (
				0BCA613E2B6BDC310038FAFB /* String+.swift */,
				0BA294172B91E43F001465DF /* UserDefaults+.swift */,
			);
			path = Swift;
			sourceTree = "<group>";
		};
		0BEA16A22B7BE054000154C6 /* Core Layer */ = {
			isa = PBXGroup;
			children = (
				0BCA61392B6BDBF40038FAFB /* AutocompleteProvider */,
			);
			path = "Core Layer";
			sourceTree = "<group>";
		};
		0BEDB0112BC30B830034027D /* Frameworks */ = {
			isa = PBXGroup;
			children = (
			);
			name = Frameworks;
			sourceTree = "<group>";
		};
		0BF8087E2BD11C010000DD96 /* Main */ = {
			isa = PBXGroup;
			children = (
				0B2D8B9D2BCAABCE00F4362C /* SettingsView.swift */,
				0BF8087F2BD11C100000DD96 /* WebView.swift */,
				0B2D8BA22BCC115A00F4362C /* MainView.swift */,
			);
			path = Main;
			sourceTree = "<group>";
		};
/* End PBXGroup section */

/* Begin PBXHeadersBuildPhase section */
		0B62F1F92BC2EC170069E5CF /* Headers */ = {
			isa = PBXHeadersBuildPhase;
			buildActionMask = 2147483647;
			files = (
				0B62F2102BC2EC170069E5CF /* WordSuggestionsEngine.h in Headers */,
			);
			runOnlyForDeploymentPostprocessing = 0;
		};
		0B981F472BC2ECC1000308C2 /* Headers */ = {
			isa = PBXHeadersBuildPhase;
			buildActionMask = 2147483647;
			files = (
				0B981F5E2BC2ECC2000308C2 /* QazaqFoundation.h in Headers */,
			);
			runOnlyForDeploymentPostprocessing = 0;
		};
/* End PBXHeadersBuildPhase section */

/* Begin PBXNativeTarget section */
		0B62F1FD2BC2EC170069E5CF /* WordSuggestionsEngine */ = {
			isa = PBXNativeTarget;
			buildConfigurationList = 0B62F21A2BC2EC170069E5CF /* Build configuration list for PBXNativeTarget "WordSuggestionsEngine" */;
			buildPhases = (
				0B62F1F92BC2EC170069E5CF /* Headers */,
				0B62F1FA2BC2EC170069E5CF /* Sources */,
				0B62F1FB2BC2EC170069E5CF /* Frameworks */,
				0B62F1FC2BC2EC170069E5CF /* Resources */,
				0B4BA0CD2BC2F0EF00F6E182 /* Embed Frameworks */,
			);
			buildRules = (
			);
			dependencies = (
				0B4BA0CC2BC2F0EF00F6E182 /* PBXTargetDependency */,
			);
			name = WordSuggestionsEngine;
			productName = WordSuggestionsEngine;
			productReference = 0B62F1FE2BC2EC170069E5CF /* WordSuggestionsEngine.framework */;
			productType = "com.apple.product-type.framework";
		};
		0B62F2062BC2EC170069E5CF /* WordSuggestionsEngineTests */ = {
			isa = PBXNativeTarget;
			buildConfigurationList = 0B62F21B2BC2EC170069E5CF /* Build configuration list for PBXNativeTarget "WordSuggestionsEngineTests" */;
			buildPhases = (
				0B62F2032BC2EC170069E5CF /* Sources */,
				0B62F2042BC2EC170069E5CF /* Frameworks */,
				0B62F2052BC2EC170069E5CF /* Resources */,
			);
			buildRules = (
			);
			dependencies = (
				0B62F20A2BC2EC170069E5CF /* PBXTargetDependency */,
				0B62F20C2BC2EC170069E5CF /* PBXTargetDependency */,
			);
			name = WordSuggestionsEngineTests;
			productName = WordSuggestionsEngineTests;
			productReference = 0B62F2072BC2EC170069E5CF /* WordSuggestionsEngineTests.xctest */;
			productType = "com.apple.product-type.bundle.unit-test";
		};
		0B800E442B681A8900EADCA9 /* Qazaqsha */ = {
			isa = PBXNativeTarget;
			buildConfigurationList = 0B800E532B681A8A00EADCA9 /* Build configuration list for PBXNativeTarget "Qazaqsha" */;
			buildPhases = (
				0B800E412B681A8900EADCA9 /* Sources */,
				0B800E422B681A8900EADCA9 /* Frameworks */,
				0B800E432B681A8900EADCA9 /* Resources */,
				0B62F2152BC2EC170069E5CF /* Embed Frameworks */,
				0BEDB01E2BC30F540034027D /* Embed Foundation Extensions */,
			);
			buildRules = (
			);
			dependencies = (
				0B62F2122BC2EC170069E5CF /* PBXTargetDependency */,
				0B981F602BC2ECC2000308C2 /* PBXTargetDependency */,
				0BEDB01D2BC30F540034027D /* PBXTargetDependency */,
			);
			name = Qazaqsha;
			packageProductDependencies = (
				0B18B01E2BD0FA2A005E8EBC /* FirebaseAnalytics */,
				0BF8087C2BD113B40000DD96 /* Instabug */,
			);
			productName = Qazaqsha;
			productReference = 0B800E452B681A8900EADCA9 /* Qazaqsha.app */;
			productType = "com.apple.product-type.application";
		};
		0B800E5E2B681AEE00EADCA9 /* Batyrma */ = {
			isa = PBXNativeTarget;
			buildConfigurationList = 0B800E672B681AEE00EADCA9 /* Build configuration list for PBXNativeTarget "Batyrma" */;
			buildPhases = (
				0B800E5B2B681AEE00EADCA9 /* Sources */,
				0B800E5C2B681AEE00EADCA9 /* Frameworks */,
				0B800E5D2B681AEE00EADCA9 /* Resources */,
			);
			buildRules = (
			);
			dependencies = (
				0B4BA0C42BC2F0E000F6E182 /* PBXTargetDependency */,
				0B4BA0C82BC2F0E000F6E182 /* PBXTargetDependency */,
			);
			name = Batyrma;
			packageProductDependencies = (
				0B386FC42B6D128C008F0622 /* KeyboardKit */,
				0BF808712BD10BEE0000DD96 /* FirebaseAnalytics */,
			);
			productName = Batyrma;
			productReference = 0B800E5F2B681AEE00EADCA9 /* Batyrma.appex */;
			productType = "com.apple.product-type.app-extension";
		};
		0B981F4B2BC2ECC1000308C2 /* QazaqFoundation */ = {
			isa = PBXNativeTarget;
			buildConfigurationList = 0B981F632BC2ECC2000308C2 /* Build configuration list for PBXNativeTarget "QazaqFoundation" */;
			buildPhases = (
				0B981F472BC2ECC1000308C2 /* Headers */,
				0B981F482BC2ECC1000308C2 /* Sources */,
				0B981F492BC2ECC1000308C2 /* Frameworks */,
				0B981F4A2BC2ECC1000308C2 /* Resources */,
			);
			buildRules = (
			);
			dependencies = (
			);
			name = QazaqFoundation;
			packageProductDependencies = (
				0B2D8BB62BCD3A6600F4362C /* FLAnimatedImage */,
			);
			productName = QazaqFoundation;
			productReference = 0B981F4C2BC2ECC1000308C2 /* QazaqFoundation.framework */;
			productType = "com.apple.product-type.framework";
		};
		0BEF667C2BC2DCAF00829036 /* QazaqshaTests */ = {
			isa = PBXNativeTarget;
			buildConfigurationList = 0BEF66852BC2DCAF00829036 /* Build configuration list for PBXNativeTarget "QazaqshaTests" */;
			buildPhases = (
				0BEF66792BC2DCAF00829036 /* Sources */,
				0BEF667A2BC2DCAF00829036 /* Frameworks */,
				0BEF667B2BC2DCAF00829036 /* Resources */,
				0BEDB01A2BC30B830034027D /* Embed Frameworks */,
			);
			buildRules = (
			);
			dependencies = (
				0BEF66822BC2DCAF00829036 /* PBXTargetDependency */,
				0BEDB0152BC30B830034027D /* PBXTargetDependency */,
				0BEDB0192BC30B830034027D /* PBXTargetDependency */,
			);
			name = QazaqshaTests;
			productName = QazaqshaTests;
			productReference = 0BEF667D2BC2DCAF00829036 /* QazaqshaTests.xctest */;
			productType = "com.apple.product-type.bundle.unit-test";
		};
/* End PBXNativeTarget section */

/* Begin PBXProject section */
		0B800E3D2B681A8900EADCA9 /* Project object */ = {
			isa = PBXProject;
			attributes = {
				BuildIndependentTargetsInParallel = 1;
				LastSwiftUpdateCheck = 1510;
				LastUpgradeCheck = 1510;
				TargetAttributes = {
					0B62F1FD2BC2EC170069E5CF = {
						CreatedOnToolsVersion = 15.1;
					};
					0B62F2062BC2EC170069E5CF = {
						CreatedOnToolsVersion = 15.1;
						TestTargetID = 0B800E442B681A8900EADCA9;
					};
					0B800E442B681A8900EADCA9 = {
						CreatedOnToolsVersion = 15.1;
					};
					0B800E5E2B681AEE00EADCA9 = {
						CreatedOnToolsVersion = 15.1;
					};
					0B981F4B2BC2ECC1000308C2 = {
						CreatedOnToolsVersion = 15.1;
					};
					0BEF667C2BC2DCAF00829036 = {
						CreatedOnToolsVersion = 15.1;
						TestTargetID = 0B800E442B681A8900EADCA9;
					};
				};
			};
			buildConfigurationList = 0B800E402B681A8900EADCA9 /* Build configuration list for PBXProject "Qazaqsha" */;
			compatibilityVersion = "Xcode 14.0";
			developmentRegion = en;
			hasScannedForEncodings = 0;
			knownRegions = (
				en,
				Base,
				smn,
				de,
				ar,
				el,
				fa,
				mk,
				sq,
				uk,
				mt,
				nb,
				es,
				sw,
				is,
				sl,
				pt_BR,
				da,
				et,
				it,
				bg,
				sk,
				"sr-Latn",
				kk,
				pt_PT,
				sr,
				ms,
				be,
				ckb,
				sv,
				cs,
				he_IL,
				fil,
				hy,
				chr,
				mn,
				hu,
				ka,
				haw,
				tr,
				pl,
				se,
				ga_IE,
				lv,
				lt,
				ru,
				uz,
				fr,
				fi,
				id,
				nl,
				ro,
				fo,
				hr,
				ca,
			);
			mainGroup = 0B800E3C2B681A8900EADCA9;
			packageReferences = (
				0B386FC32B6D128C008F0622 /* XCRemoteSwiftPackageReference "KeyboardKit" */,
				0B2D8BB52BCD3A4D00F4362C /* XCRemoteSwiftPackageReference "FLAnimatedImage" */,
				0B18B01B2BD0F9C2005E8EBC /* XCRemoteSwiftPackageReference "firebase-ios-sdk" */,
				0BF8087B2BD113B40000DD96 /* XCRemoteSwiftPackageReference "Instabug-SP" */,
			);
			productRefGroup = 0B800E462B681A8900EADCA9 /* Products */;
			projectDirPath = "";
			projectRoot = "";
			targets = (
				0B800E442B681A8900EADCA9 /* Qazaqsha */,
				0B800E5E2B681AEE00EADCA9 /* Batyrma */,
				0BEF667C2BC2DCAF00829036 /* QazaqshaTests */,
				0B62F1FD2BC2EC170069E5CF /* WordSuggestionsEngine */,
				0B62F2062BC2EC170069E5CF /* WordSuggestionsEngineTests */,
				0B981F4B2BC2ECC1000308C2 /* QazaqFoundation */,
			);
		};
/* End PBXProject section */

/* Begin PBXResourcesBuildPhase section */
		0B62F1FC2BC2EC170069E5CF /* Resources */ = {
			isa = PBXResourcesBuildPhase;
			buildActionMask = 2147483647;
			files = (
				0B4BA0CF2BC2F4D200F6E182 /* qazaqWordsList.txt in Resources */,
				0B13E7DC2BDA7A9700CB11F9 /* russianWordsDataset.txt in Resources */,
				0B4BA0D02BC2F4D700F6E182 /* ShalaqazaqDatasetV2.json in Resources */,
			);
			runOnlyForDeploymentPostprocessing = 0;
		};
		0B62F2052BC2EC170069E5CF /* Resources */ = {
			isa = PBXResourcesBuildPhase;
			buildActionMask = 2147483647;
			files = (
			);
			runOnlyForDeploymentPostprocessing = 0;
		};
		0B800E432B681A8900EADCA9 /* Resources */ = {
			isa = PBXResourcesBuildPhase;
			buildActionMask = 2147483647;
			files = (
				0B2D8BB32BCD38D900F4362C /* autocorrectionExampleDark.gif in Resources */,
				0B2D8BB12BCD38CF00F4362C /* autocorrectionExampleWhite.gif in Resources */,
				0B4690632BD7EF1B000FA0A7 /* Settings.bundle in Resources */,
				0B30DA732B8B2E0100215711 /* Images.xcassets in Resources */,
				0B18B0192BD0F83B005E8EBC /* GoogleService-Info.plist in Resources */,
				0B30DA742B8B2E0500215711 /* Colors.xcassets in Resources */,
				0B800E502B681A8A00EADCA9 /* Preview Assets.xcassets in Resources */,
				0B5BBE5D2BCEABE70099F5F3 /* selectNeoQazaqKeyboardDark.gif in Resources */,
				0B800E4D2B681A8A00EADCA9 /* Assets.xcassets in Resources */,
				0B5BBE5C2BCEABE70099F5F3 /* selectNeoQazaqKeyboardWhite.gif in Resources */,
			);
			runOnlyForDeploymentPostprocessing = 0;
		};
		0B800E5D2B681AEE00EADCA9 /* Resources */ = {
			isa = PBXResourcesBuildPhase;
			buildActionMask = 2147483647;
			files = (
				0B18B01A2BD0F83B005E8EBC /* GoogleService-Info.plist in Resources */,
				0BCA611F2B6BC73F0038FAFB /* Images.xcassets in Resources */,
				0BCA61212B6BC8D50038FAFB /* Colors.xcassets in Resources */,
			);
			runOnlyForDeploymentPostprocessing = 0;
		};
		0B981F4A2BC2ECC1000308C2 /* Resources */ = {
			isa = PBXResourcesBuildPhase;
			buildActionMask = 2147483647;
			files = (
				0B2D8BAD2BCD36E700F4362C /* Images.xcassets in Resources */,
			);
			runOnlyForDeploymentPostprocessing = 0;
		};
		0BEF667B2BC2DCAF00829036 /* Resources */ = {
			isa = PBXResourcesBuildPhase;
			buildActionMask = 2147483647;
			files = (
			);
			runOnlyForDeploymentPostprocessing = 0;
		};
/* End PBXResourcesBuildPhase section */

/* Begin PBXSourcesBuildPhase section */
		0B62F1FA2BC2EC170069E5CF /* Sources */ = {
			isa = PBXSourcesBuildPhase;
			buildActionMask = 2147483647;
			files = (
				0B981F422BC2EC8F000308C2 /* QazaqWordsDatasetLoader.swift in Sources */,
				0B62F2022BC2EC170069E5CF /* WordSuggestionsEngine.docc in Sources */,
				0B981F432BC2EC8F000308C2 /* WordSuggestionsEngine.swift in Sources */,
				0B981F442BC2EC8F000308C2 /* PossessiveService.swift in Sources */,
				0B981F452BC2EC8F000308C2 /* QuantitativeService.swift in Sources */,
				0B981F462BC2EC8F000308C2 /* QazaqEndingsGenerator.swift in Sources */,
			);
			runOnlyForDeploymentPostprocessing = 0;
		};
		0B62F2032BC2EC170069E5CF /* Sources */ = {
			isa = PBXSourcesBuildPhase;
			buildActionMask = 2147483647;
			files = (
				0B62F20F2BC2EC170069E5CF /* QazaqWordSuggestionsEngineTests.swift in Sources */,
			);
			runOnlyForDeploymentPostprocessing = 0;
		};
		0B800E412B681A8900EADCA9 /* Sources */ = {
			isa = PBXSourcesBuildPhase;
			buildActionMask = 2147483647;
			files = (
				0B5BBE602BCFBA1F0099F5F3 /* OnboardingExplanationView.swift in Sources */,
				0B5BBE582BCEA90F0099F5F3 /* KeyboardSelectionView.swift in Sources */,
				0B2D8BA12BCC0DEE00F4362C /* TextRightChevronView.swift in Sources */,
				0B2D8BA32BCC115A00F4362C /* MainView.swift in Sources */,
				0B800E4B2B681A8900EADCA9 /* AppMain.swift in Sources */,
				0B800E492B681A8900EADCA9 /* QazaqshaApp.swift in Sources */,
				0B30DA762B8BB67900215711 /* KeyboardSetupView.swift in Sources */,
				0B18B0162BD01C96005E8EBC /* OnboardingViewModel.swift in Sources */,
				0B18B01D2BD0F9EF005E8EBC /* AppDelegate.swift in Sources */,
				0B2D8B9E2BCAABCE00F4362C /* SettingsView.swift in Sources */,
				0BA294162B91E22A001465DF /* OnboardingView.swift in Sources */,
				0B2D8BA52BCC954500F4362C /* MagicAutocorrectionView.swift in Sources */,
				0B30DA722B8B2D5000215711 /* Assets.swift in Sources */,
				0BF808802BD11C100000DD96 /* WebView.swift in Sources */,
			);
			runOnlyForDeploymentPostprocessing = 0;
		};
		0B800E5B2B681AEE00EADCA9 /* Sources */ = {
			isa = PBXSourcesBuildPhase;
			buildActionMask = 2147483647;
			files = (
				0BCA613D2B6BDC120038FAFB /* QazaqAutocompleteProvider.swift in Sources */,
				0BCA61262B6BCA060038FAFB /* Assets.swift in Sources */,
				0B800E622B681AEE00EADCA9 /* KeyboardViewController.swift in Sources */,
			);
			runOnlyForDeploymentPostprocessing = 0;
		};
		0B981F482BC2ECC1000308C2 /* Sources */ = {
			isa = PBXSourcesBuildPhase;
			buildActionMask = 2147483647;
			files = (
				0BD201292BC2EDA20065DBC1 /* UserDefaults+.swift in Sources */,
				0BD2012A2BC2EDA50065DBC1 /* String+.swift in Sources */,
				0B2D8BAC2BCD303200F4362C /* EnvironmentValues+.swift in Sources */,
				0B2D8BA82BCD2D5F00F4362C /* GifImage.swift in Sources */,
				0BD2012C2BC2EDAC0065DBC1 /* UIImage+.swift in Sources */,
				0B981F502BC2ECC1000308C2 /* QazaqFoundation.docc in Sources */,
				0B2D8BAF2BCD37B200F4362C /* UIImage+Gif.swift in Sources */,
				0B5BBE622BCFBE4D0099F5F3 /* RoundedCorners.swift in Sources */,
				0BD2012B2BC2EDAC0065DBC1 /* UIStackView+.swift in Sources */,
			);
			runOnlyForDeploymentPostprocessing = 0;
		};
		0BEF66792BC2DCAF00829036 /* Sources */ = {
			isa = PBXSourcesBuildPhase;
			buildActionMask = 2147483647;
			files = (
			);
			runOnlyForDeploymentPostprocessing = 0;
		};
/* End PBXSourcesBuildPhase section */

/* Begin PBXTargetDependency section */
		0B4BA0C42BC2F0E000F6E182 /* PBXTargetDependency */ = {
			isa = PBXTargetDependency;
			target = 0B981F4B2BC2ECC1000308C2 /* QazaqFoundation */;
			targetProxy = 0B4BA0C32BC2F0E000F6E182 /* PBXContainerItemProxy */;
		};
		0B4BA0C82BC2F0E000F6E182 /* PBXTargetDependency */ = {
			isa = PBXTargetDependency;
			target = 0B62F1FD2BC2EC170069E5CF /* WordSuggestionsEngine */;
			targetProxy = 0B4BA0C72BC2F0E000F6E182 /* PBXContainerItemProxy */;
		};
		0B4BA0CC2BC2F0EF00F6E182 /* PBXTargetDependency */ = {
			isa = PBXTargetDependency;
			target = 0B981F4B2BC2ECC1000308C2 /* QazaqFoundation */;
			targetProxy = 0B4BA0CB2BC2F0EF00F6E182 /* PBXContainerItemProxy */;
		};
		0B62F20A2BC2EC170069E5CF /* PBXTargetDependency */ = {
			isa = PBXTargetDependency;
			target = 0B62F1FD2BC2EC170069E5CF /* WordSuggestionsEngine */;
			targetProxy = 0B62F2092BC2EC170069E5CF /* PBXContainerItemProxy */;
		};
		0B62F20C2BC2EC170069E5CF /* PBXTargetDependency */ = {
			isa = PBXTargetDependency;
			target = 0B800E442B681A8900EADCA9 /* Qazaqsha */;
			targetProxy = 0B62F20B2BC2EC170069E5CF /* PBXContainerItemProxy */;
		};
		0B62F2122BC2EC170069E5CF /* PBXTargetDependency */ = {
			isa = PBXTargetDependency;
			target = 0B62F1FD2BC2EC170069E5CF /* WordSuggestionsEngine */;
			targetProxy = 0B62F2112BC2EC170069E5CF /* PBXContainerItemProxy */;
		};
		0B981F602BC2ECC2000308C2 /* PBXTargetDependency */ = {
			isa = PBXTargetDependency;
			target = 0B981F4B2BC2ECC1000308C2 /* QazaqFoundation */;
			targetProxy = 0B981F5F2BC2ECC2000308C2 /* PBXContainerItemProxy */;
		};
		0BEDB0152BC30B830034027D /* PBXTargetDependency */ = {
			isa = PBXTargetDependency;
			target = 0B981F4B2BC2ECC1000308C2 /* QazaqFoundation */;
			targetProxy = 0BEDB0142BC30B830034027D /* PBXContainerItemProxy */;
		};
		0BEDB0192BC30B830034027D /* PBXTargetDependency */ = {
			isa = PBXTargetDependency;
			target = 0B62F1FD2BC2EC170069E5CF /* WordSuggestionsEngine */;
			targetProxy = 0BEDB0182BC30B830034027D /* PBXContainerItemProxy */;
		};
		0BEDB01D2BC30F540034027D /* PBXTargetDependency */ = {
			isa = PBXTargetDependency;
			target = 0B800E5E2B681AEE00EADCA9 /* Batyrma */;
			targetProxy = 0BEDB01C2BC30F540034027D /* PBXContainerItemProxy */;
		};
		0BEF66822BC2DCAF00829036 /* PBXTargetDependency */ = {
			isa = PBXTargetDependency;
			target = 0B800E442B681A8900EADCA9 /* Qazaqsha */;
			targetProxy = 0BEF66812BC2DCAF00829036 /* PBXContainerItemProxy */;
		};
/* End PBXTargetDependency section */

/* Begin XCBuildConfiguration section */
		0B62F2162BC2EC170069E5CF /* Debug */ = {
			isa = XCBuildConfiguration;
			buildSettings = {
				CODE_SIGN_STYLE = Automatic;
				CURRENT_PROJECT_VERSION = 1;
				DEFINES_MODULE = YES;
				DEVELOPMENT_TEAM = JNA8QM22SG;
				DYLIB_COMPATIBILITY_VERSION = 1;
				DYLIB_CURRENT_VERSION = 1;
				DYLIB_INSTALL_NAME_BASE = "@rpath";
				ENABLE_MODULE_VERIFIER = YES;
				GENERATE_INFOPLIST_FILE = YES;
				INFOPLIST_KEY_NSHumanReadableCopyright = "";
				INSTALL_PATH = "$(LOCAL_LIBRARY_DIR)/Frameworks";
				IPHONEOS_DEPLOYMENT_TARGET = 15.0;
				LD_RUNPATH_SEARCH_PATHS = (
					"$(inherited)",
					"@executable_path/Frameworks",
					"@loader_path/Frameworks",
				);
				MARKETING_VERSION = 1.0;
				MODULE_VERIFIER_SUPPORTED_LANGUAGES = "objective-c objective-c++";
				MODULE_VERIFIER_SUPPORTED_LANGUAGE_STANDARDS = "gnu17 gnu++20";
				PRODUCT_BUNDLE_IDENTIFIER = com.almagambetov.daulet.qazaqsha.WordSuggestionsEngine;
				PRODUCT_NAME = "$(TARGET_NAME:c99extidentifier)";
				SKIP_INSTALL = YES;
				SUPPORTED_PLATFORMS = "iphoneos iphonesimulator";
				SUPPORTS_MACCATALYST = NO;
				SUPPORTS_MAC_DESIGNED_FOR_IPHONE_IPAD = NO;
				SWIFT_EMIT_LOC_STRINGS = YES;
				SWIFT_VERSION = 5.0;
				TARGETED_DEVICE_FAMILY = 1;
				VERSIONING_SYSTEM = "apple-generic";
				VERSION_INFO_PREFIX = "";
			};
			name = Debug;
		};
		0B62F2172BC2EC170069E5CF /* Release */ = {
			isa = XCBuildConfiguration;
			buildSettings = {
				CODE_SIGN_STYLE = Automatic;
				CURRENT_PROJECT_VERSION = 1;
				DEFINES_MODULE = YES;
				DEVELOPMENT_TEAM = JNA8QM22SG;
				DYLIB_COMPATIBILITY_VERSION = 1;
				DYLIB_CURRENT_VERSION = 1;
				DYLIB_INSTALL_NAME_BASE = "@rpath";
				ENABLE_MODULE_VERIFIER = YES;
				GCC_OPTIMIZATION_LEVEL = fast;
				GENERATE_INFOPLIST_FILE = YES;
				INFOPLIST_KEY_NSHumanReadableCopyright = "";
				INSTALL_PATH = "$(LOCAL_LIBRARY_DIR)/Frameworks";
				IPHONEOS_DEPLOYMENT_TARGET = 15.0;
				LD_RUNPATH_SEARCH_PATHS = (
					"$(inherited)",
					"@executable_path/Frameworks",
					"@loader_path/Frameworks",
				);
				MARKETING_VERSION = 1.0;
				MODULE_VERIFIER_SUPPORTED_LANGUAGES = "objective-c objective-c++";
				MODULE_VERIFIER_SUPPORTED_LANGUAGE_STANDARDS = "gnu17 gnu++20";
				PRODUCT_BUNDLE_IDENTIFIER = com.almagambetov.daulet.qazaqsha.WordSuggestionsEngine;
				PRODUCT_NAME = "$(TARGET_NAME:c99extidentifier)";
				SKIP_INSTALL = YES;
				SUPPORTED_PLATFORMS = "iphoneos iphonesimulator";
				SUPPORTS_MACCATALYST = NO;
				SUPPORTS_MAC_DESIGNED_FOR_IPHONE_IPAD = NO;
				SWIFT_EMIT_LOC_STRINGS = YES;
				SWIFT_VERSION = 5.0;
				TARGETED_DEVICE_FAMILY = 1;
				VERSIONING_SYSTEM = "apple-generic";
				VERSION_INFO_PREFIX = "";
			};
			name = Release;
		};
		0B62F2182BC2EC170069E5CF /* Debug */ = {
			isa = XCBuildConfiguration;
			buildSettings = {
				ALWAYS_EMBED_SWIFT_STANDARD_LIBRARIES = YES;
				CODE_SIGN_STYLE = Automatic;
				CURRENT_PROJECT_VERSION = 1;
				DEVELOPMENT_TEAM = JNA8QM22SG;
				GENERATE_INFOPLIST_FILE = YES;
				IPHONEOS_DEPLOYMENT_TARGET = 15.0;
				MARKETING_VERSION = 1.0;
				PRODUCT_BUNDLE_IDENTIFIER = com.almagambetov.daulet.qazaqsha.WordSuggestionsEngineTests;
				PRODUCT_NAME = "$(TARGET_NAME)";
				SUPPORTED_PLATFORMS = "iphoneos iphonesimulator";
				SUPPORTS_MACCATALYST = NO;
				SUPPORTS_MAC_DESIGNED_FOR_IPHONE_IPAD = NO;
				SWIFT_EMIT_LOC_STRINGS = NO;
				SWIFT_VERSION = 5.0;
				TARGETED_DEVICE_FAMILY = 1;
				TEST_HOST = "$(BUILT_PRODUCTS_DIR)/Qazaqsha.app/$(BUNDLE_EXECUTABLE_FOLDER_PATH)/Qazaqsha";
			};
			name = Debug;
		};
		0B62F2192BC2EC170069E5CF /* Release */ = {
			isa = XCBuildConfiguration;
			buildSettings = {
				ALWAYS_EMBED_SWIFT_STANDARD_LIBRARIES = YES;
				CODE_SIGN_STYLE = Automatic;
				CURRENT_PROJECT_VERSION = 1;
				DEVELOPMENT_TEAM = JNA8QM22SG;
				GENERATE_INFOPLIST_FILE = YES;
				IPHONEOS_DEPLOYMENT_TARGET = 15.0;
				MARKETING_VERSION = 1.0;
				PRODUCT_BUNDLE_IDENTIFIER = com.almagambetov.daulet.qazaqsha.WordSuggestionsEngineTests;
				PRODUCT_NAME = "$(TARGET_NAME)";
				SUPPORTED_PLATFORMS = "iphoneos iphonesimulator";
				SUPPORTS_MACCATALYST = NO;
				SUPPORTS_MAC_DESIGNED_FOR_IPHONE_IPAD = NO;
				SWIFT_EMIT_LOC_STRINGS = NO;
				SWIFT_VERSION = 5.0;
				TARGETED_DEVICE_FAMILY = 1;
				TEST_HOST = "$(BUILT_PRODUCTS_DIR)/Qazaqsha.app/$(BUNDLE_EXECUTABLE_FOLDER_PATH)/Qazaqsha";
			};
			name = Release;
		};
		0B800E512B681A8A00EADCA9 /* Debug */ = {
			isa = XCBuildConfiguration;
			buildSettings = {
				ALWAYS_SEARCH_USER_PATHS = NO;
				ASSETCATALOG_COMPILER_GENERATE_SWIFT_ASSET_SYMBOL_EXTENSIONS = YES;
				CLANG_ANALYZER_NONNULL = YES;
				CLANG_ANALYZER_NUMBER_OBJECT_CONVERSION = YES_AGGRESSIVE;
				CLANG_CXX_LANGUAGE_STANDARD = "gnu++20";
				CLANG_ENABLE_MODULES = YES;
				CLANG_ENABLE_OBJC_ARC = YES;
				CLANG_ENABLE_OBJC_WEAK = YES;
				CLANG_WARN_BLOCK_CAPTURE_AUTORELEASING = YES;
				CLANG_WARN_BOOL_CONVERSION = YES;
				CLANG_WARN_COMMA = YES;
				CLANG_WARN_CONSTANT_CONVERSION = YES;
				CLANG_WARN_DEPRECATED_OBJC_IMPLEMENTATIONS = YES;
				CLANG_WARN_DIRECT_OBJC_ISA_USAGE = YES_ERROR;
				CLANG_WARN_DOCUMENTATION_COMMENTS = YES;
				CLANG_WARN_EMPTY_BODY = YES;
				CLANG_WARN_ENUM_CONVERSION = YES;
				CLANG_WARN_INFINITE_RECURSION = YES;
				CLANG_WARN_INT_CONVERSION = YES;
				CLANG_WARN_NON_LITERAL_NULL_CONVERSION = YES;
				CLANG_WARN_OBJC_IMPLICIT_RETAIN_SELF = YES;
				CLANG_WARN_OBJC_LITERAL_CONVERSION = YES;
				CLANG_WARN_OBJC_ROOT_CLASS = YES_ERROR;
				CLANG_WARN_QUOTED_INCLUDE_IN_FRAMEWORK_HEADER = YES;
				CLANG_WARN_RANGE_LOOP_ANALYSIS = YES;
				CLANG_WARN_STRICT_PROTOTYPES = YES;
				CLANG_WARN_SUSPICIOUS_MOVE = YES;
				CLANG_WARN_UNGUARDED_AVAILABILITY = YES_AGGRESSIVE;
				CLANG_WARN_UNREACHABLE_CODE = YES;
				CLANG_WARN__DUPLICATE_METHOD_MATCH = YES;
				COPY_PHASE_STRIP = NO;
				DEBUG_INFORMATION_FORMAT = dwarf;
				ENABLE_STRICT_OBJC_MSGSEND = YES;
				ENABLE_TESTABILITY = YES;
				ENABLE_USER_SCRIPT_SANDBOXING = YES;
				GCC_C_LANGUAGE_STANDARD = gnu17;
				GCC_DYNAMIC_NO_PIC = NO;
				GCC_NO_COMMON_BLOCKS = YES;
				GCC_OPTIMIZATION_LEVEL = 0;
				GCC_PREPROCESSOR_DEFINITIONS = (
					"DEBUG=1",
					"$(inherited)",
				);
				GCC_WARN_64_TO_32_BIT_CONVERSION = YES;
				GCC_WARN_ABOUT_RETURN_TYPE = YES_ERROR;
				GCC_WARN_UNDECLARED_SELECTOR = YES;
				GCC_WARN_UNINITIALIZED_AUTOS = YES_AGGRESSIVE;
				GCC_WARN_UNUSED_FUNCTION = YES;
				GCC_WARN_UNUSED_VARIABLE = YES;
				IPHONEOS_DEPLOYMENT_TARGET = 15.0;
				LOCALIZATION_PREFERS_STRING_CATALOGS = YES;
				MTL_ENABLE_DEBUG_INFO = INCLUDE_SOURCE;
				MTL_FAST_MATH = YES;
				ONLY_ACTIVE_ARCH = YES;
				SDKROOT = iphoneos;
				SWIFT_ACTIVE_COMPILATION_CONDITIONS = "DEBUG $(inherited)";
				SWIFT_OPTIMIZATION_LEVEL = "-Onone";
			};
			name = Debug;
		};
		0B800E522B681A8A00EADCA9 /* Release */ = {
			isa = XCBuildConfiguration;
			buildSettings = {
				ALWAYS_SEARCH_USER_PATHS = NO;
				ASSETCATALOG_COMPILER_GENERATE_SWIFT_ASSET_SYMBOL_EXTENSIONS = YES;
				CLANG_ANALYZER_NONNULL = YES;
				CLANG_ANALYZER_NUMBER_OBJECT_CONVERSION = YES_AGGRESSIVE;
				CLANG_CXX_LANGUAGE_STANDARD = "gnu++20";
				CLANG_ENABLE_MODULES = YES;
				CLANG_ENABLE_OBJC_ARC = YES;
				CLANG_ENABLE_OBJC_WEAK = YES;
				CLANG_WARN_BLOCK_CAPTURE_AUTORELEASING = YES;
				CLANG_WARN_BOOL_CONVERSION = YES;
				CLANG_WARN_COMMA = YES;
				CLANG_WARN_CONSTANT_CONVERSION = YES;
				CLANG_WARN_DEPRECATED_OBJC_IMPLEMENTATIONS = YES;
				CLANG_WARN_DIRECT_OBJC_ISA_USAGE = YES_ERROR;
				CLANG_WARN_DOCUMENTATION_COMMENTS = YES;
				CLANG_WARN_EMPTY_BODY = YES;
				CLANG_WARN_ENUM_CONVERSION = YES;
				CLANG_WARN_INFINITE_RECURSION = YES;
				CLANG_WARN_INT_CONVERSION = YES;
				CLANG_WARN_NON_LITERAL_NULL_CONVERSION = YES;
				CLANG_WARN_OBJC_IMPLICIT_RETAIN_SELF = YES;
				CLANG_WARN_OBJC_LITERAL_CONVERSION = YES;
				CLANG_WARN_OBJC_ROOT_CLASS = YES_ERROR;
				CLANG_WARN_QUOTED_INCLUDE_IN_FRAMEWORK_HEADER = YES;
				CLANG_WARN_RANGE_LOOP_ANALYSIS = YES;
				CLANG_WARN_STRICT_PROTOTYPES = YES;
				CLANG_WARN_SUSPICIOUS_MOVE = YES;
				CLANG_WARN_UNGUARDED_AVAILABILITY = YES_AGGRESSIVE;
				CLANG_WARN_UNREACHABLE_CODE = YES;
				CLANG_WARN__DUPLICATE_METHOD_MATCH = YES;
				COPY_PHASE_STRIP = NO;
				DEBUG_INFORMATION_FORMAT = "dwarf-with-dsym";
				ENABLE_NS_ASSERTIONS = NO;
				ENABLE_STRICT_OBJC_MSGSEND = YES;
				ENABLE_USER_SCRIPT_SANDBOXING = YES;
				GCC_C_LANGUAGE_STANDARD = gnu17;
				GCC_NO_COMMON_BLOCKS = YES;
				GCC_WARN_64_TO_32_BIT_CONVERSION = YES;
				GCC_WARN_ABOUT_RETURN_TYPE = YES_ERROR;
				GCC_WARN_UNDECLARED_SELECTOR = YES;
				GCC_WARN_UNINITIALIZED_AUTOS = YES_AGGRESSIVE;
				GCC_WARN_UNUSED_FUNCTION = YES;
				GCC_WARN_UNUSED_VARIABLE = YES;
				IPHONEOS_DEPLOYMENT_TARGET = 15.0;
				LOCALIZATION_PREFERS_STRING_CATALOGS = YES;
				MTL_ENABLE_DEBUG_INFO = NO;
				MTL_FAST_MATH = YES;
				SDKROOT = iphoneos;
				SWIFT_COMPILATION_MODE = wholemodule;
				VALIDATE_PRODUCT = YES;
			};
			name = Release;
		};
		0B800E542B681A8A00EADCA9 /* Debug */ = {
			isa = XCBuildConfiguration;
			buildSettings = {
				ALWAYS_EMBED_SWIFT_STANDARD_LIBRARIES = YES;
				ASSETCATALOG_COMPILER_APPICON_NAME = AppIcon;
				ASSETCATALOG_COMPILER_GLOBAL_ACCENT_COLOR_NAME = AccentColor;
				ASSETCATALOG_COMPILER_INCLUDE_ALL_APPICON_ASSETS = YES;
				CODE_SIGN_ENTITLEMENTS = Qazaqsha/Qazaqsha.entitlements;
				CODE_SIGN_STYLE = Automatic;
				CURRENT_PROJECT_VERSION = 1;
				DEVELOPMENT_ASSET_PATHS = "\"Qazaqsha/Preview Content\"";
				DEVELOPMENT_TEAM = JNA8QM22SG;
				ENABLE_PREVIEWS = YES;
				GENERATE_INFOPLIST_FILE = NO;
				INFOPLIST_FILE = /Users/dauletalmagambetov/Documents/Qazaqsha/Qazaqsha/Qazaqsha/Info.plist;
				INFOPLIST_KEY_CFBundleDisplayName = NeoQazaq;
				INFOPLIST_KEY_LSApplicationCategoryType = "public.app-category.education";
				INFOPLIST_KEY_UIApplicationSceneManifest_Generation = YES;
				INFOPLIST_KEY_UIApplicationSupportsIndirectInputEvents = YES;
				INFOPLIST_KEY_UILaunchScreen_Generation = YES;
				INFOPLIST_KEY_UISupportedInterfaceOrientations_iPad = "UIInterfaceOrientationPortrait UIInterfaceOrientationPortraitUpsideDown UIInterfaceOrientationLandscapeLeft UIInterfaceOrientationLandscapeRight";
				INFOPLIST_KEY_UISupportedInterfaceOrientations_iPhone = "UIInterfaceOrientationPortrait UIInterfaceOrientationLandscapeLeft UIInterfaceOrientationLandscapeRight";
				IPHONEOS_DEPLOYMENT_TARGET = 15.0;
				LD_RUNPATH_SEARCH_PATHS = (
					"$(inherited)",
					"@executable_path/Frameworks",
				);
				MARKETING_VERSION = 1.0.2;
				PRODUCT_BUNDLE_IDENTIFIER = com.almagambetov.daulet.qazaqsha.Qazaqsha;
				PRODUCT_NAME = "$(TARGET_NAME)";
				SUPPORTED_PLATFORMS = "iphoneos iphonesimulator";
				SUPPORTS_MACCATALYST = NO;
				SUPPORTS_MAC_DESIGNED_FOR_IPHONE_IPAD = NO;
				SWIFT_EMIT_LOC_STRINGS = YES;
				SWIFT_VERSION = 5.0;
				TARGETED_DEVICE_FAMILY = 1;
			};
			name = Debug;
		};
		0B800E552B681A8A00EADCA9 /* Release */ = {
			isa = XCBuildConfiguration;
			buildSettings = {
				ALWAYS_EMBED_SWIFT_STANDARD_LIBRARIES = YES;
				ASSETCATALOG_COMPILER_APPICON_NAME = AppIcon;
				ASSETCATALOG_COMPILER_GLOBAL_ACCENT_COLOR_NAME = AccentColor;
				ASSETCATALOG_COMPILER_INCLUDE_ALL_APPICON_ASSETS = YES;
				CODE_SIGN_ENTITLEMENTS = Qazaqsha/Qazaqsha.entitlements;
				CODE_SIGN_STYLE = Automatic;
				CURRENT_PROJECT_VERSION = 1;
				DEVELOPMENT_ASSET_PATHS = "\"Qazaqsha/Preview Content\"";
				DEVELOPMENT_TEAM = JNA8QM22SG;
				ENABLE_PREVIEWS = YES;
				GCC_OPTIMIZATION_LEVEL = fast;
				GENERATE_INFOPLIST_FILE = NO;
				INFOPLIST_FILE = /Users/dauletalmagambetov/Documents/Qazaqsha/Qazaqsha/Qazaqsha/Info.plist;
				INFOPLIST_KEY_CFBundleDisplayName = NeoQazaq;
				INFOPLIST_KEY_LSApplicationCategoryType = "public.app-category.education";
				INFOPLIST_KEY_UIApplicationSceneManifest_Generation = YES;
				INFOPLIST_KEY_UIApplicationSupportsIndirectInputEvents = YES;
				INFOPLIST_KEY_UILaunchScreen_Generation = YES;
				INFOPLIST_KEY_UISupportedInterfaceOrientations_iPad = "UIInterfaceOrientationPortrait UIInterfaceOrientationPortraitUpsideDown UIInterfaceOrientationLandscapeLeft UIInterfaceOrientationLandscapeRight";
				INFOPLIST_KEY_UISupportedInterfaceOrientations_iPhone = "UIInterfaceOrientationPortrait UIInterfaceOrientationLandscapeLeft UIInterfaceOrientationLandscapeRight";
				IPHONEOS_DEPLOYMENT_TARGET = 15.0;
				LD_RUNPATH_SEARCH_PATHS = (
					"$(inherited)",
					"@executable_path/Frameworks",
				);
				MARKETING_VERSION = 1.0.2;
				PRODUCT_BUNDLE_IDENTIFIER = com.almagambetov.daulet.qazaqsha.Qazaqsha;
				PRODUCT_NAME = "$(TARGET_NAME)";
				SUPPORTED_PLATFORMS = "iphoneos iphonesimulator";
				SUPPORTS_MACCATALYST = NO;
				SUPPORTS_MAC_DESIGNED_FOR_IPHONE_IPAD = NO;
				SWIFT_EMIT_LOC_STRINGS = YES;
				SWIFT_VERSION = 5.0;
				TARGETED_DEVICE_FAMILY = 1;
			};
			name = Release;
		};
		0B800E682B681AEE00EADCA9 /* Debug */ = {
			isa = XCBuildConfiguration;
			buildSettings = {
				CODE_SIGN_ENTITLEMENTS = Batyrma/Batyrma.entitlements;
				CODE_SIGN_STYLE = Automatic;
				CURRENT_PROJECT_VERSION = 1;
				DEVELOPMENT_TEAM = JNA8QM22SG;
				GENERATE_INFOPLIST_FILE = YES;
				INFOPLIST_FILE = Batyrma/Info.plist;
				INFOPLIST_KEY_CFBundleDisplayName = NeoQazaq;
				INFOPLIST_KEY_NSHumanReadableCopyright = "";
				IPHONEOS_DEPLOYMENT_TARGET = 15.0;
				LD_RUNPATH_SEARCH_PATHS = (
					"$(inherited)",
					"@executable_path/Frameworks",
					"@executable_path/../../Frameworks",
				);
				MARKETING_VERSION = 7.0;
				PRODUCT_BUNDLE_IDENTIFIER = com.almagambetov.daulet.qazaqsha.Qazaqsha.NeoQazaq;
				PRODUCT_NAME = "$(TARGET_NAME)";
				SKIP_INSTALL = YES;
				SUPPORTED_PLATFORMS = "iphoneos iphonesimulator";
				SUPPORTS_MACCATALYST = NO;
				SUPPORTS_MAC_DESIGNED_FOR_IPHONE_IPAD = NO;
				SWIFT_EMIT_LOC_STRINGS = YES;
				SWIFT_VERSION = 5.0;
				TARGETED_DEVICE_FAMILY = 1;
			};
			name = Debug;
		};
		0B800E692B681AEE00EADCA9 /* Release */ = {
			isa = XCBuildConfiguration;
			buildSettings = {
				CODE_SIGN_ENTITLEMENTS = Batyrma/Batyrma.entitlements;
				CODE_SIGN_STYLE = Automatic;
				CURRENT_PROJECT_VERSION = 1;
				DEVELOPMENT_TEAM = JNA8QM22SG;
				GCC_OPTIMIZATION_LEVEL = fast;
				GENERATE_INFOPLIST_FILE = YES;
				INFOPLIST_FILE = Batyrma/Info.plist;
				INFOPLIST_KEY_CFBundleDisplayName = NeoQazaq;
				INFOPLIST_KEY_NSHumanReadableCopyright = "";
				IPHONEOS_DEPLOYMENT_TARGET = 15.0;
				LD_RUNPATH_SEARCH_PATHS = (
					"$(inherited)",
					"@executable_path/Frameworks",
					"@executable_path/../../Frameworks",
				);
				MARKETING_VERSION = 7.0;
				PRODUCT_BUNDLE_IDENTIFIER = com.almagambetov.daulet.qazaqsha.Qazaqsha.NeoQazaq;
				PRODUCT_NAME = "$(TARGET_NAME)";
				SKIP_INSTALL = YES;
				SUPPORTED_PLATFORMS = "iphoneos iphonesimulator";
				SUPPORTS_MACCATALYST = NO;
				SUPPORTS_MAC_DESIGNED_FOR_IPHONE_IPAD = NO;
				SWIFT_EMIT_LOC_STRINGS = YES;
				SWIFT_VERSION = 5.0;
				TARGETED_DEVICE_FAMILY = 1;
			};
			name = Release;
		};
		0B981F642BC2ECC2000308C2 /* Debug */ = {
			isa = XCBuildConfiguration;
			buildSettings = {
				CODE_SIGN_STYLE = Automatic;
				CURRENT_PROJECT_VERSION = 1;
				DEFINES_MODULE = YES;
				DEVELOPMENT_TEAM = JNA8QM22SG;
				DYLIB_COMPATIBILITY_VERSION = 1;
				DYLIB_CURRENT_VERSION = 1;
				DYLIB_INSTALL_NAME_BASE = "@rpath";
				ENABLE_MODULE_VERIFIER = YES;
				GENERATE_INFOPLIST_FILE = YES;
				INFOPLIST_KEY_NSHumanReadableCopyright = "";
				INSTALL_PATH = "$(LOCAL_LIBRARY_DIR)/Frameworks";
				IPHONEOS_DEPLOYMENT_TARGET = 15.0;
				LD_RUNPATH_SEARCH_PATHS = (
					"$(inherited)",
					"@executable_path/Frameworks",
					"@loader_path/Frameworks",
				);
				MARKETING_VERSION = 1.0;
				MODULE_VERIFIER_SUPPORTED_LANGUAGES = "objective-c objective-c++";
				MODULE_VERIFIER_SUPPORTED_LANGUAGE_STANDARDS = "gnu17 gnu++20";
				PRODUCT_BUNDLE_IDENTIFIER = com.almagambetov.daulet.qazaqsha.QazaqFoundation;
				PRODUCT_NAME = "$(TARGET_NAME:c99extidentifier)";
				SKIP_INSTALL = YES;
				SUPPORTED_PLATFORMS = "iphoneos iphonesimulator";
				SUPPORTS_MACCATALYST = NO;
				SUPPORTS_MAC_DESIGNED_FOR_IPHONE_IPAD = NO;
				SWIFT_EMIT_LOC_STRINGS = YES;
				SWIFT_VERSION = 5.0;
				TARGETED_DEVICE_FAMILY = 1;
				VERSIONING_SYSTEM = "apple-generic";
				VERSION_INFO_PREFIX = "";
			};
			name = Debug;
		};
		0B981F652BC2ECC2000308C2 /* Release */ = {
			isa = XCBuildConfiguration;
			buildSettings = {
				CODE_SIGN_STYLE = Automatic;
				CURRENT_PROJECT_VERSION = 1;
				DEFINES_MODULE = YES;
				DEVELOPMENT_TEAM = JNA8QM22SG;
				DYLIB_COMPATIBILITY_VERSION = 1;
				DYLIB_CURRENT_VERSION = 1;
				DYLIB_INSTALL_NAME_BASE = "@rpath";
				ENABLE_MODULE_VERIFIER = YES;
				GCC_OPTIMIZATION_LEVEL = fast;
				GENERATE_INFOPLIST_FILE = YES;
				INFOPLIST_KEY_NSHumanReadableCopyright = "";
				INSTALL_PATH = "$(LOCAL_LIBRARY_DIR)/Frameworks";
				IPHONEOS_DEPLOYMENT_TARGET = 15.0;
				LD_RUNPATH_SEARCH_PATHS = (
					"$(inherited)",
					"@executable_path/Frameworks",
					"@loader_path/Frameworks",
				);
				MARKETING_VERSION = 1.0;
				MODULE_VERIFIER_SUPPORTED_LANGUAGES = "objective-c objective-c++";
				MODULE_VERIFIER_SUPPORTED_LANGUAGE_STANDARDS = "gnu17 gnu++20";
				PRODUCT_BUNDLE_IDENTIFIER = com.almagambetov.daulet.qazaqsha.QazaqFoundation;
				PRODUCT_NAME = "$(TARGET_NAME:c99extidentifier)";
				SKIP_INSTALL = YES;
				SUPPORTED_PLATFORMS = "iphoneos iphonesimulator";
				SUPPORTS_MACCATALYST = NO;
				SUPPORTS_MAC_DESIGNED_FOR_IPHONE_IPAD = NO;
				SWIFT_EMIT_LOC_STRINGS = YES;
				SWIFT_VERSION = 5.0;
				TARGETED_DEVICE_FAMILY = 1;
				VERSIONING_SYSTEM = "apple-generic";
				VERSION_INFO_PREFIX = "";
			};
			name = Release;
		};
		0BEF66832BC2DCAF00829036 /* Debug */ = {
			isa = XCBuildConfiguration;
			buildSettings = {
				BUNDLE_LOADER = "$(TEST_HOST)";
				CODE_SIGN_STYLE = Automatic;
				CURRENT_PROJECT_VERSION = 1;
				DEVELOPMENT_TEAM = JNA8QM22SG;
				GENERATE_INFOPLIST_FILE = YES;
				IPHONEOS_DEPLOYMENT_TARGET = 15.0;
				MARKETING_VERSION = 1.0;
				PRODUCT_BUNDLE_IDENTIFIER = com.almagambetov.daulet.qazaqsha.QazaqshaTests;
				PRODUCT_NAME = "$(TARGET_NAME)";
				SUPPORTED_PLATFORMS = "iphoneos iphonesimulator";
				SUPPORTS_MACCATALYST = NO;
				SUPPORTS_MAC_DESIGNED_FOR_IPHONE_IPAD = NO;
				SWIFT_EMIT_LOC_STRINGS = NO;
				SWIFT_VERSION = 5.0;
				TARGETED_DEVICE_FAMILY = 1;
				TEST_HOST = "$(BUILT_PRODUCTS_DIR)/Qazaqsha.app/$(BUNDLE_EXECUTABLE_FOLDER_PATH)/Qazaqsha";
			};
			name = Debug;
		};
		0BEF66842BC2DCAF00829036 /* Release */ = {
			isa = XCBuildConfiguration;
			buildSettings = {
				BUNDLE_LOADER = "$(TEST_HOST)";
				CODE_SIGN_STYLE = Automatic;
				CURRENT_PROJECT_VERSION = 1;
				DEVELOPMENT_TEAM = JNA8QM22SG;
				GCC_OPTIMIZATION_LEVEL = fast;
				GENERATE_INFOPLIST_FILE = YES;
				IPHONEOS_DEPLOYMENT_TARGET = 15.0;
				MARKETING_VERSION = 1.0;
				PRODUCT_BUNDLE_IDENTIFIER = com.almagambetov.daulet.qazaqsha.QazaqshaTests;
				PRODUCT_NAME = "$(TARGET_NAME)";
				SUPPORTED_PLATFORMS = "iphoneos iphonesimulator";
				SUPPORTS_MACCATALYST = NO;
				SUPPORTS_MAC_DESIGNED_FOR_IPHONE_IPAD = NO;
				SWIFT_EMIT_LOC_STRINGS = NO;
				SWIFT_VERSION = 5.0;
				TARGETED_DEVICE_FAMILY = 1;
				TEST_HOST = "$(BUILT_PRODUCTS_DIR)/Qazaqsha.app/$(BUNDLE_EXECUTABLE_FOLDER_PATH)/Qazaqsha";
			};
			name = Release;
		};
/* End XCBuildConfiguration section */

/* Begin XCConfigurationList section */
		0B62F21A2BC2EC170069E5CF /* Build configuration list for PBXNativeTarget "WordSuggestionsEngine" */ = {
			isa = XCConfigurationList;
			buildConfigurations = (
				0B62F2162BC2EC170069E5CF /* Debug */,
				0B62F2172BC2EC170069E5CF /* Release */,
			);
			defaultConfigurationIsVisible = 0;
			defaultConfigurationName = Release;
		};
		0B62F21B2BC2EC170069E5CF /* Build configuration list for PBXNativeTarget "WordSuggestionsEngineTests" */ = {
			isa = XCConfigurationList;
			buildConfigurations = (
				0B62F2182BC2EC170069E5CF /* Debug */,
				0B62F2192BC2EC170069E5CF /* Release */,
			);
			defaultConfigurationIsVisible = 0;
			defaultConfigurationName = Release;
		};
		0B800E402B681A8900EADCA9 /* Build configuration list for PBXProject "Qazaqsha" */ = {
			isa = XCConfigurationList;
			buildConfigurations = (
				0B800E512B681A8A00EADCA9 /* Debug */,
				0B800E522B681A8A00EADCA9 /* Release */,
			);
			defaultConfigurationIsVisible = 0;
			defaultConfigurationName = Release;
		};
		0B800E532B681A8A00EADCA9 /* Build configuration list for PBXNativeTarget "Qazaqsha" */ = {
			isa = XCConfigurationList;
			buildConfigurations = (
				0B800E542B681A8A00EADCA9 /* Debug */,
				0B800E552B681A8A00EADCA9 /* Release */,
			);
			defaultConfigurationIsVisible = 0;
			defaultConfigurationName = Release;
		};
		0B800E672B681AEE00EADCA9 /* Build configuration list for PBXNativeTarget "Batyrma" */ = {
			isa = XCConfigurationList;
			buildConfigurations = (
				0B800E682B681AEE00EADCA9 /* Debug */,
				0B800E692B681AEE00EADCA9 /* Release */,
			);
			defaultConfigurationIsVisible = 0;
			defaultConfigurationName = Release;
		};
		0B981F632BC2ECC2000308C2 /* Build configuration list for PBXNativeTarget "QazaqFoundation" */ = {
			isa = XCConfigurationList;
			buildConfigurations = (
				0B981F642BC2ECC2000308C2 /* Debug */,
				0B981F652BC2ECC2000308C2 /* Release */,
			);
			defaultConfigurationIsVisible = 0;
			defaultConfigurationName = Release;
		};
		0BEF66852BC2DCAF00829036 /* Build configuration list for PBXNativeTarget "QazaqshaTests" */ = {
			isa = XCConfigurationList;
			buildConfigurations = (
				0BEF66832BC2DCAF00829036 /* Debug */,
				0BEF66842BC2DCAF00829036 /* Release */,
			);
			defaultConfigurationIsVisible = 0;
			defaultConfigurationName = Release;
		};
/* End XCConfigurationList section */

/* Begin XCRemoteSwiftPackageReference section */
		0B18B01B2BD0F9C2005E8EBC /* XCRemoteSwiftPackageReference "firebase-ios-sdk" */ = {
			isa = XCRemoteSwiftPackageReference;
			repositoryURL = "https://github.com/firebase/firebase-ios-sdk.git";
			requirement = {
				kind = upToNextMajorVersion;
				minimumVersion = 10.24.0;
			};
		};
		0B2D8BB52BCD3A4D00F4362C /* XCRemoteSwiftPackageReference "FLAnimatedImage" */ = {
			isa = XCRemoteSwiftPackageReference;
			repositoryURL = "https://github.com/Flipboard/FLAnimatedImage";
			requirement = {
				kind = upToNextMinorVersion;
				minimumVersion = 1.0.17;
			};
		};
		0B386FC32B6D128C008F0622 /* XCRemoteSwiftPackageReference "KeyboardKit" */ = {
			isa = XCRemoteSwiftPackageReference;
			repositoryURL = "https://github.com/daukabase/KeyboardKit.git";
			requirement = {
				kind = upToNextMajorVersion;
				minimumVersion = 9.1.0;
			};
		};
		0BF8087B2BD113B40000DD96 /* XCRemoteSwiftPackageReference "Instabug-SP" */ = {
			isa = XCRemoteSwiftPackageReference;
			repositoryURL = "https://github.com/Instabug/Instabug-SP";
			requirement = {
				kind = upToNextMajorVersion;
				minimumVersion = 12.9.2;
			};
		};
/* End XCRemoteSwiftPackageReference section */

/* Begin XCSwiftPackageProductDependency section */
		0B18B01E2BD0FA2A005E8EBC /* FirebaseAnalytics */ = {
			isa = XCSwiftPackageProductDependency;
			package = 0B18B01B2BD0F9C2005E8EBC /* XCRemoteSwiftPackageReference "firebase-ios-sdk" */;
			productName = FirebaseAnalytics;
		};
		0B2D8BB62BCD3A6600F4362C /* FLAnimatedImage */ = {
			isa = XCSwiftPackageProductDependency;
			package = 0B2D8BB52BCD3A4D00F4362C /* XCRemoteSwiftPackageReference "FLAnimatedImage" */;
			productName = FLAnimatedImage;
		};
		0B386FC42B6D128C008F0622 /* KeyboardKit */ = {
			isa = XCSwiftPackageProductDependency;
			package = 0B386FC32B6D128C008F0622 /* XCRemoteSwiftPackageReference "KeyboardKit" */;
			productName = KeyboardKit;
		};
		0BF808712BD10BEE0000DD96 /* FirebaseAnalytics */ = {
			isa = XCSwiftPackageProductDependency;
			package = 0B18B01B2BD0F9C2005E8EBC /* XCRemoteSwiftPackageReference "firebase-ios-sdk" */;
			productName = FirebaseAnalytics;
		};
		0BF8087C2BD113B40000DD96 /* Instabug */ = {
			isa = XCSwiftPackageProductDependency;
			package = 0BF8087B2BD113B40000DD96 /* XCRemoteSwiftPackageReference "Instabug-SP" */;
			productName = Instabug;
		};
/* End XCSwiftPackageProductDependency section */
	};
	rootObject = 0B800E3D2B681A8900EADCA9 /* Project object */;
}
